
Microsoft Visual Studio Solution File, Format Version 12.00
# Visual Studio Version 16
VisualStudioVersion = 16.0.33130.400
MinimumVisualStudioVersion = 10.0.40219.1
Project("{8BC9CEB8-8B4A-11D0-8D11-00A0C91BC942}") = "230727", "230727\230727.vcxproj", "{E772828E-A299-487E-9EBD-F2E11E39F44D}"
EndProject
Project("{8BC9CEB8-8B4A-11D0-8D11-00A0C91BC942}") = "230415", "230415\230415.vcxproj", "{C31AB2AB-2894-4A8B-A91D-E6479D617BFC}"
EndProject
Project("{8BC9CEB8-8B4A-11D0-8D11-00A0C91BC942}") = "230417", "230417\230417.vcxproj", "{4FB60DFC-A34B-4D97-8CE8-373DABA06C13}"
EndProject
Project("{8BC9CEB8-8B4A-11D0-8D11-00A0C91BC942}") = "230418", "230418\230418.vcxproj", "{C7746B5E-22AC-4996-A120-0858D9D2791C}"
EndProject
Project("{8BC9CEB8-8B4A-11D0-8D11-00A0C91BC942}") = "230419", "230419\230419.vcxproj", "{87CADA32-4B4C-4123-8735-46A8A62F4BB4}"
EndProject
Project("{8BC9CEB8-8B4A-11D0-8D11-00A0C91BC942}") = "230421", "230421\230421.vcxproj", "{3C69C440-9366-4677-8C16-AC2A8AFF9382}"
EndProject
Project("{8BC9CEB8-8B4A-11D0-8D11-00A0C91BC942}") = "230424", "230424\230424.vcxproj", "{4F7F0328-6FAA-4762-9B43-909FD52E470F}"
EndProject
Project("{8BC9CEB8-8B4A-11D0-8D11-00A0C91BC942}") = "230425", "230425\230425.vcxproj", "{CE97E5DE-2C47-48C5-8928-9D036278DEB6}"
EndProject
Project("{8BC9CEB8-8B4A-11D0-8D11-00A0C91BC942}") = "230511", "230511\230511.vcxproj", "{D9245668-2107-423B-A666-F1F9E45B45F7}"
EndProject
Project("{8BC9CEB8-8B4A-11D0-8D11-00A0C91BC942}") = "230512", "230512\230512.vcxproj", "{00C7D67E-F322-4067-A361-4A570652C409}"
EndProject
Project("{8BC9CEB8-8B4A-11D0-8D11-00A0C91BC942}") = "230515", "230515\230515.vcxproj", "{34CEA174-5C27-497C-BBC3-73E66A405224}"
EndProject
Project("{8BC9CEB8-8B4A-11D0-8D11-00A0C91BC942}") = "230516", "230516\230516.vcxproj", "{DA2243B0-CC5A-4BCF-BAE5-7735CC3841AF}"
EndProject
Project("{8BC9CEB8-8B4A-11D0-8D11-00A0C91BC942}") = "230518", "230518\230518.vcxproj", "{5FC90E51-DB56-4644-93F5-A71811ACEAAA}"
EndProject
Project("{8BC9CEB8-8B4A-11D0-8D11-00A0C91BC942}") = "230519", "230519\230519.vcxproj", "{B2F0A1B8-A1C0-47F6-8C05-ACD6B8EEBF8C}"
EndProject
Project("{8BC9CEB8-8B4A-11D0-8D11-00A0C91BC942}") = "230520", "230520\230520.vcxproj", "{041DA7CF-0887-46C9-A215-3B269FF2AD24}"
EndProject
Project("{8BC9CEB8-8B4A-11D0-8D11-00A0C91BC942}") = "230525", "230525\230525.vcxproj", "{CCB26653-53E6-4538-8416-19C12492F1E4}"
EndProject
Project("{8BC9CEB8-8B4A-11D0-8D11-00A0C91BC942}") = "230526", "230526\230526.vcxproj", "{8D3A3F14-C976-4C24-AEFD-CA3412B71E2E}"
EndProject
Project("{8BC9CEB8-8B4A-11D0-8D11-00A0C91BC942}") = "230529", "230529\230529.vcxproj", "{C0DCA47B-B8EF-4A65-A609-F2CFC862B03F}"
EndProject
Project("{8BC9CEB8-8B4A-11D0-8D11-00A0C91BC942}") = "230530", "230530\230530.vcxproj", "{E33D73FA-BCD0-4515-A5DA-9BAF8F0BCD4F}"
EndProject
Project("{8BC9CEB8-8B4A-11D0-8D11-00A0C91BC942}") = "230531", "230531\230531.vcxproj", "{6A9D0CFA-7C9C-413C-93D0-8D59E5EEAB0E}"
EndProject
Project("{8BC9CEB8-8B4A-11D0-8D11-00A0C91BC942}") = "230601", "230601\230601.vcxproj", "{E328A942-A835-4FCD-88F0-06B8EADA55A5}"
EndProject
Project("{8BC9CEB8-8B4A-11D0-8D11-00A0C91BC942}") = "230602", "230602\230602.vcxproj", "{CA6037CC-9A22-434A-821A-4AAD977B914B}"
EndProject
Project("{8BC9CEB8-8B4A-11D0-8D11-00A0C91BC942}") = "230603", "230603\230603.vcxproj", "{23EDA848-972D-4200-A601-12E15D9DF19D}"
EndProject
Project("{8BC9CEB8-8B4A-11D0-8D11-00A0C91BC942}") = "230605", "230605\230605.vcxproj", "{721A5635-F52C-4187-B337-EC425CEE7D1E}"
EndProject
Project("{8BC9CEB8-8B4A-11D0-8D11-00A0C91BC942}") = "230606", "230606\230606.vcxproj", "{1B220240-CD91-454D-9903-B2AD1AA8C5D5}"
EndProject
Project("{8BC9CEB8-8B4A-11D0-8D11-00A0C91BC942}") = "230607", "230607\230607.vcxproj", "{202EEA06-3F63-459B-AE04-488285285529}"
EndProject
Project("{8BC9CEB8-8B4A-11D0-8D11-00A0C91BC942}") = "230608", "230608\230608.vcxproj", "{5A6928EE-AA12-4C82-BD80-BD007C551368}"
EndProject
Project("{8BC9CEB8-8B4A-11D0-8D11-00A0C91BC942}") = "230609", "230609\230609.vcxproj", "{AA6C8EE9-C8D8-45BD-930D-EC209E70DA3C}"
EndProject
Project("{8BC9CEB8-8B4A-11D0-8D11-00A0C91BC942}") = "230610", "230610\230610.vcxproj", "{B79D3B28-E8A2-4267-94A5-E666ECC50FE2}"
EndProject
Project("{8BC9CEB8-8B4A-11D0-8D11-00A0C91BC942}") = "230612", "230612\230612.vcxproj", "{BA873FBF-5407-47BE-A480-6BEF30A39DE7}"
EndProject
Project("{8BC9CEB8-8B4A-11D0-8D11-00A0C91BC942}") = "230613", "230613\230613.vcxproj", "{1B4ACC4F-0C49-492C-A134-05CED153FA0B}"
EndProject
Project("{8BC9CEB8-8B4A-11D0-8D11-00A0C91BC942}") = "230614", "230614\230614.vcxproj", "{9E246AF7-4DCC-41AD-863E-07C4DEA1841C}"
EndProject
Project("{8BC9CEB8-8B4A-11D0-8D11-00A0C91BC942}") = "230616", "230616\230616.vcxproj", "{12564E6F-74FC-4B58-AFE3-4A9E87F54758}"
EndProject
Project("{8BC9CEB8-8B4A-11D0-8D11-00A0C91BC942}") = "230618", "230618\230618.vcxproj", "{2D8425CD-DA84-4A39-97E6-CC71A407785C}"
EndProject
Project("{8BC9CEB8-8B4A-11D0-8D11-00A0C91BC942}") = "230619", "230619\230619.vcxproj", "{BA4042D1-247A-445B-AD95-768D3771F351}"
EndProject
Project("{8BC9CEB8-8B4A-11D0-8D11-00A0C91BC942}") = "230620", "230620\230620.vcxproj", "{32C6548B-E018-45F7-88A0-EE4C31B058F2}"
EndProject
Project("{8BC9CEB8-8B4A-11D0-8D11-00A0C91BC942}") = "230621", "230621\230621.vcxproj", "{D327D157-BF1F-4081-A2B4-29D580B23488}"
EndProject
Project("{8BC9CEB8-8B4A-11D0-8D11-00A0C91BC942}") = "230623", "230623\230623.vcxproj", "{4117477E-0FC9-43E4-B6C3-1971BE9FA2CE}"
EndProject
Project("{8BC9CEB8-8B4A-11D0-8D11-00A0C91BC942}") = "230624", "230624\230624.vcxproj", "{023EE585-B83C-491F-B0D5-56008E6EBAF6}"
EndProject
Project("{8BC9CEB8-8B4A-11D0-8D11-00A0C91BC942}") = "230626", "230626\230626.vcxproj", "{937291F7-07E1-42AB-B756-CA9F780A6EFB}"
EndProject
Project("{8BC9CEB8-8B4A-11D0-8D11-00A0C91BC942}") = "230627", "230627\230627.vcxproj", "{20C185D7-7DFD-43F7-A974-E137DEF17290}"
EndProject
Project("{8BC9CEB8-8B4A-11D0-8D11-00A0C91BC942}") = "230629", "230629\230629.vcxproj", "{3333F506-2018-440C-BA1B-B385807470C0}"
EndProject
Project("{8BC9CEB8-8B4A-11D0-8D11-00A0C91BC942}") = "230701", "230701\230701.vcxproj", "{5F58A2B6-0A02-4E2F-AD4B-2DDE9D577AF9}"
EndProject
Project("{8BC9CEB8-8B4A-11D0-8D11-00A0C91BC942}") = "230702", "230702\230702.vcxproj", "{11939B93-1D94-4BE8-A2DE-3646FAA33F92}"
EndProject
Project("{8BC9CEB8-8B4A-11D0-8D11-00A0C91BC942}") = "230703", "230703\230703.vcxproj", "{10B751EC-6F28-4535-A7D1-65EFB3F765E5}"
EndProject
Project("{8BC9CEB8-8B4A-11D0-8D11-00A0C91BC942}") = "230707", "230707\230707.vcxproj", "{1F084164-A72A-4062-9FA7-1F1815AF777D}"
EndProject
Project("{8BC9CEB8-8B4A-11D0-8D11-00A0C91BC942}") = "230708", "230708\230708.vcxproj", "{FC62D179-EA94-4BEF-836F-F734C3371725}"
EndProject
Project("{8BC9CEB8-8B4A-11D0-8D11-00A0C91BC942}") = "230709", "230709\230709.vcxproj", "{4051985C-FA4A-4802-851A-3A24639F1A47}"
EndProject
Project("{8BC9CEB8-8B4A-11D0-8D11-00A0C91BC942}") = "230710", "230710\230710.vcxproj", "{294EA776-3BC3-4203-9B03-F1A58BD8BCA1}"
EndProject
Project("{8BC9CEB8-8B4A-11D0-8D11-00A0C91BC942}") = "230712", "230712\230712.vcxproj", "{B0618C2F-01E4-4464-A636-123F8BF6F427}"
EndProject
Project("{8BC9CEB8-8B4A-11D0-8D11-00A0C91BC942}") = "230713", "230713\230713.vcxproj", "{BEACC56A-244B-4EFC-8E97-18F13B0A68FC}"
EndProject
Project("{8BC9CEB8-8B4A-11D0-8D11-00A0C91BC942}") = "230714", "230714\230714.vcxproj", "{2468D07D-CE21-409C-A538-D1E10C5B13E0}"
EndProject
Project("{8BC9CEB8-8B4A-11D0-8D11-00A0C91BC942}") = "230717", "230717\230717.vcxproj", "{134F06B6-6112-4EFF-89A8-1AD1B824D23B}"
EndProject
Project("{8BC9CEB8-8B4A-11D0-8D11-00A0C91BC942}") = "230718", "230718\230718.vcxproj", "{02BECA6E-B7AB-49CC-807C-B871887B51FD}"
EndProject
Project("{8BC9CEB8-8B4A-11D0-8D11-00A0C91BC942}") = "230719", "230719\230719.vcxproj", "{A99A4520-BE6F-4255-9975-554CA8199AA6}"
EndProject
Project("{8BC9CEB8-8B4A-11D0-8D11-00A0C91BC942}") = "230720", "230720\230720.vcxproj", "{21D7298C-F3E0-4B3D-8864-10311430E1D3}"
EndProject
Project("{8BC9CEB8-8B4A-11D0-8D11-00A0C91BC942}") = "230721", "230721\230721.vcxproj", "{04D3D20F-CD61-45F1-81F3-C61611E59539}"
EndProject
Project("{8BC9CEB8-8B4A-11D0-8D11-00A0C91BC942}") = "230724", "230724\230724.vcxproj", "{877FE10F-0489-452F-B7EF-4B2834860212}"
EndProject
Project("{8BC9CEB8-8B4A-11D0-8D11-00A0C91BC942}") = "230725", "230725\230725.vcxproj", "{24B67740-6905-4BD3-9A0B-D051B8245BF6}"
EndProject
Project("{8BC9CEB8-8B4A-11D0-8D11-00A0C91BC942}") = "230726", "230726\230726.vcxproj", "{818B84EF-4844-4611-B281-957846B808DA}"
EndProject
Project("{8BC9CEB8-8B4A-11D0-8D11-00A0C91BC942}") = "230803", "230803\230803.vcxproj", "{EDD709D6-ACFC-49E4-ADD7-AE6A5117550B}"
EndProject
Project("{8BC9CEB8-8B4A-11D0-8D11-00A0C91BC942}") = "230808", "230808\230808.vcxproj", "{4DA1437F-289D-453D-8991-DE541396C9A8}"
EndProject
Project("{8BC9CEB8-8B4A-11D0-8D11-00A0C91BC942}") = "230809", "230809\230809.vcxproj", "{AC5581D9-D763-4EA8-82DC-4DA9167C792C}"
EndProject
Project("{8BC9CEB8-8B4A-11D0-8D11-00A0C91BC942}") = "230810", "230810\230810.vcxproj", "{86967DFD-0106-4051-9E57-0B261CA12AE9}"
EndProject
Project("{8BC9CEB8-8B4A-11D0-8D11-00A0C91BC942}") = "230811", "230811\230811.vcxproj", "{D26D3891-892D-4EF9-A8A5-C41D1D8571C7}"
EndProject
Project("{8BC9CEB8-8B4A-11D0-8D11-00A0C91BC942}") = "230814", "230814\230814.vcxproj", "{3316C058-F676-4040-A3EF-10C76E6264DB}"
EndProject
Project("{8BC9CEB8-8B4A-11D0-8D11-00A0C91BC942}") = "231002", "231002\231002.vcxproj", "{318D922A-2605-41E5-986C-389E1D6AE300}"
EndProject
Project("{8BC9CEB8-8B4A-11D0-8D11-00A0C91BC942}") = "231003", "231003\231003.vcxproj", "{F8B5AF90-E1E0-4509-8FE4-EA8868CEFB03}"
EndProject
Global
	GlobalSection(SolutionConfigurationPlatforms) = preSolution
		Debug|x64 = Debug|x64
		Debug|x86 = Debug|x86
		Release|x64 = Release|x64
		Release|x86 = Release|x86
	EndGlobalSection
	GlobalSection(ProjectConfigurationPlatforms) = postSolution
		{E772828E-A299-487E-9EBD-F2E11E39F44D}.Debug|x64.ActiveCfg = Debug|x64
		{E772828E-A299-487E-9EBD-F2E11E39F44D}.Debug|x64.Build.0 = Debug|x64
		{E772828E-A299-487E-9EBD-F2E11E39F44D}.Debug|x86.ActiveCfg = Debug|Win32
		{E772828E-A299-487E-9EBD-F2E11E39F44D}.Debug|x86.Build.0 = Debug|Win32
		{E772828E-A299-487E-9EBD-F2E11E39F44D}.Release|x64.ActiveCfg = Release|x64
		{E772828E-A299-487E-9EBD-F2E11E39F44D}.Release|x64.Build.0 = Release|x64
		{E772828E-A299-487E-9EBD-F2E11E39F44D}.Release|x86.ActiveCfg = Release|Win32
		{E772828E-A299-487E-9EBD-F2E11E39F44D}.Release|x86.Build.0 = Release|Win32
		{C31AB2AB-2894-4A8B-A91D-E6479D617BFC}.Debug|x64.ActiveCfg = Debug|x64
		{C31AB2AB-2894-4A8B-A91D-E6479D617BFC}.Debug|x64.Build.0 = Debug|x64
		{C31AB2AB-2894-4A8B-A91D-E6479D617BFC}.Debug|x86.ActiveCfg = Debug|Win32
		{C31AB2AB-2894-4A8B-A91D-E6479D617BFC}.Debug|x86.Build.0 = Debug|Win32
		{C31AB2AB-2894-4A8B-A91D-E6479D617BFC}.Release|x64.ActiveCfg = Release|x64
		{C31AB2AB-2894-4A8B-A91D-E6479D617BFC}.Release|x64.Build.0 = Release|x64
		{C31AB2AB-2894-4A8B-A91D-E6479D617BFC}.Release|x86.ActiveCfg = Release|Win32
		{C31AB2AB-2894-4A8B-A91D-E6479D617BFC}.Release|x86.Build.0 = Release|Win32
		{4FB60DFC-A34B-4D97-8CE8-373DABA06C13}.Debug|x64.ActiveCfg = Debug|x64
		{4FB60DFC-A34B-4D97-8CE8-373DABA06C13}.Debug|x64.Build.0 = Debug|x64
		{4FB60DFC-A34B-4D97-8CE8-373DABA06C13}.Debug|x86.ActiveCfg = Debug|Win32
		{4FB60DFC-A34B-4D97-8CE8-373DABA06C13}.Debug|x86.Build.0 = Debug|Win32
		{4FB60DFC-A34B-4D97-8CE8-373DABA06C13}.Release|x64.ActiveCfg = Release|x64
		{4FB60DFC-A34B-4D97-8CE8-373DABA06C13}.Release|x64.Build.0 = Release|x64
		{4FB60DFC-A34B-4D97-8CE8-373DABA06C13}.Release|x86.ActiveCfg = Release|Win32
		{4FB60DFC-A34B-4D97-8CE8-373DABA06C13}.Release|x86.Build.0 = Release|Win32
		{C7746B5E-22AC-4996-A120-0858D9D2791C}.Debug|x64.ActiveCfg = Debug|x64
		{C7746B5E-22AC-4996-A120-0858D9D2791C}.Debug|x64.Build.0 = Debug|x64
		{C7746B5E-22AC-4996-A120-0858D9D2791C}.Debug|x86.ActiveCfg = Debug|Win32
		{C7746B5E-22AC-4996-A120-0858D9D2791C}.Debug|x86.Build.0 = Debug|Win32
		{C7746B5E-22AC-4996-A120-0858D9D2791C}.Release|x64.ActiveCfg = Release|x64
		{C7746B5E-22AC-4996-A120-0858D9D2791C}.Release|x64.Build.0 = Release|x64
		{C7746B5E-22AC-4996-A120-0858D9D2791C}.Release|x86.ActiveCfg = Release|Win32
		{C7746B5E-22AC-4996-A120-0858D9D2791C}.Release|x86.Build.0 = Release|Win32
		{87CADA32-4B4C-4123-8735-46A8A62F4BB4}.Debug|x64.ActiveCfg = Debug|x64
		{87CADA32-4B4C-4123-8735-46A8A62F4BB4}.Debug|x64.Build.0 = Debug|x64
		{87CADA32-4B4C-4123-8735-46A8A62F4BB4}.Debug|x86.ActiveCfg = Debug|Win32
		{87CADA32-4B4C-4123-8735-46A8A62F4BB4}.Debug|x86.Build.0 = Debug|Win32
		{87CADA32-4B4C-4123-8735-46A8A62F4BB4}.Release|x64.ActiveCfg = Release|x64
		{87CADA32-4B4C-4123-8735-46A8A62F4BB4}.Release|x64.Build.0 = Release|x64
		{87CADA32-4B4C-4123-8735-46A8A62F4BB4}.Release|x86.ActiveCfg = Release|Win32
		{87CADA32-4B4C-4123-8735-46A8A62F4BB4}.Release|x86.Build.0 = Release|Win32
		{3C69C440-9366-4677-8C16-AC2A8AFF9382}.Debug|x64.ActiveCfg = Debug|x64
		{3C69C440-9366-4677-8C16-AC2A8AFF9382}.Debug|x64.Build.0 = Debug|x64
		{3C69C440-9366-4677-8C16-AC2A8AFF9382}.Debug|x86.ActiveCfg = Debug|Win32
		{3C69C440-9366-4677-8C16-AC2A8AFF9382}.Debug|x86.Build.0 = Debug|Win32
		{3C69C440-9366-4677-8C16-AC2A8AFF9382}.Release|x64.ActiveCfg = Release|x64
		{3C69C440-9366-4677-8C16-AC2A8AFF9382}.Release|x64.Build.0 = Release|x64
		{3C69C440-9366-4677-8C16-AC2A8AFF9382}.Release|x86.ActiveCfg = Release|Win32
		{3C69C440-9366-4677-8C16-AC2A8AFF9382}.Release|x86.Build.0 = Release|Win32
		{4F7F0328-6FAA-4762-9B43-909FD52E470F}.Debug|x64.ActiveCfg = Debug|x64
		{4F7F0328-6FAA-4762-9B43-909FD52E470F}.Debug|x64.Build.0 = Debug|x64
		{4F7F0328-6FAA-4762-9B43-909FD52E470F}.Debug|x86.ActiveCfg = Debug|Win32
		{4F7F0328-6FAA-4762-9B43-909FD52E470F}.Debug|x86.Build.0 = Debug|Win32
		{4F7F0328-6FAA-4762-9B43-909FD52E470F}.Release|x64.ActiveCfg = Release|x64
		{4F7F0328-6FAA-4762-9B43-909FD52E470F}.Release|x64.Build.0 = Release|x64
		{4F7F0328-6FAA-4762-9B43-909FD52E470F}.Release|x86.ActiveCfg = Release|Win32
		{4F7F0328-6FAA-4762-9B43-909FD52E470F}.Release|x86.Build.0 = Release|Win32
		{CE97E5DE-2C47-48C5-8928-9D036278DEB6}.Debug|x64.ActiveCfg = Debug|x64
		{CE97E5DE-2C47-48C5-8928-9D036278DEB6}.Debug|x64.Build.0 = Debug|x64
		{CE97E5DE-2C47-48C5-8928-9D036278DEB6}.Debug|x86.ActiveCfg = Debug|Win32
		{CE97E5DE-2C47-48C5-8928-9D036278DEB6}.Debug|x86.Build.0 = Debug|Win32
		{CE97E5DE-2C47-48C5-8928-9D036278DEB6}.Release|x64.ActiveCfg = Release|x64
		{CE97E5DE-2C47-48C5-8928-9D036278DEB6}.Release|x64.Build.0 = Release|x64
		{CE97E5DE-2C47-48C5-8928-9D036278DEB6}.Release|x86.ActiveCfg = Release|Win32
		{CE97E5DE-2C47-48C5-8928-9D036278DEB6}.Release|x86.Build.0 = Release|Win32
		{D9245668-2107-423B-A666-F1F9E45B45F7}.Debug|x64.ActiveCfg = Debug|x64
		{D9245668-2107-423B-A666-F1F9E45B45F7}.Debug|x64.Build.0 = Debug|x64
		{D9245668-2107-423B-A666-F1F9E45B45F7}.Debug|x86.ActiveCfg = Debug|Win32
		{D9245668-2107-423B-A666-F1F9E45B45F7}.Debug|x86.Build.0 = Debug|Win32
		{D9245668-2107-423B-A666-F1F9E45B45F7}.Release|x64.ActiveCfg = Release|x64
		{D9245668-2107-423B-A666-F1F9E45B45F7}.Release|x64.Build.0 = Release|x64
		{D9245668-2107-423B-A666-F1F9E45B45F7}.Release|x86.ActiveCfg = Release|Win32
		{D9245668-2107-423B-A666-F1F9E45B45F7}.Release|x86.Build.0 = Release|Win32
		{00C7D67E-F322-4067-A361-4A570652C409}.Debug|x64.ActiveCfg = Debug|x64
		{00C7D67E-F322-4067-A361-4A570652C409}.Debug|x64.Build.0 = Debug|x64
		{00C7D67E-F322-4067-A361-4A570652C409}.Debug|x86.ActiveCfg = Debug|Win32
		{00C7D67E-F322-4067-A361-4A570652C409}.Debug|x86.Build.0 = Debug|Win32
		{00C7D67E-F322-4067-A361-4A570652C409}.Release|x64.ActiveCfg = Release|x64
		{00C7D67E-F322-4067-A361-4A570652C409}.Release|x64.Build.0 = Release|x64
		{00C7D67E-F322-4067-A361-4A570652C409}.Release|x86.ActiveCfg = Release|Win32
		{00C7D67E-F322-4067-A361-4A570652C409}.Release|x86.Build.0 = Release|Win32
		{34CEA174-5C27-497C-BBC3-73E66A405224}.Debug|x64.ActiveCfg = Debug|x64
		{34CEA174-5C27-497C-BBC3-73E66A405224}.Debug|x64.Build.0 = Debug|x64
		{34CEA174-5C27-497C-BBC3-73E66A405224}.Debug|x86.ActiveCfg = Debug|Win32
		{34CEA174-5C27-497C-BBC3-73E66A405224}.Debug|x86.Build.0 = Debug|Win32
		{34CEA174-5C27-497C-BBC3-73E66A405224}.Release|x64.ActiveCfg = Release|x64
		{34CEA174-5C27-497C-BBC3-73E66A405224}.Release|x64.Build.0 = Release|x64
		{34CEA174-5C27-497C-BBC3-73E66A405224}.Release|x86.ActiveCfg = Release|Win32
		{34CEA174-5C27-497C-BBC3-73E66A405224}.Release|x86.Build.0 = Release|Win32
		{DA2243B0-CC5A-4BCF-BAE5-7735CC3841AF}.Debug|x64.ActiveCfg = Debug|x64
		{DA2243B0-CC5A-4BCF-BAE5-7735CC3841AF}.Debug|x64.Build.0 = Debug|x64
		{DA2243B0-CC5A-4BCF-BAE5-7735CC3841AF}.Debug|x86.ActiveCfg = Debug|Win32
		{DA2243B0-CC5A-4BCF-BAE5-7735CC3841AF}.Debug|x86.Build.0 = Debug|Win32
		{DA2243B0-CC5A-4BCF-BAE5-7735CC3841AF}.Release|x64.ActiveCfg = Release|x64
		{DA2243B0-CC5A-4BCF-BAE5-7735CC3841AF}.Release|x64.Build.0 = Release|x64
		{DA2243B0-CC5A-4BCF-BAE5-7735CC3841AF}.Release|x86.ActiveCfg = Release|Win32
		{DA2243B0-CC5A-4BCF-BAE5-7735CC3841AF}.Release|x86.Build.0 = Release|Win32
		{5FC90E51-DB56-4644-93F5-A71811ACEAAA}.Debug|x64.ActiveCfg = Debug|x64
		{5FC90E51-DB56-4644-93F5-A71811ACEAAA}.Debug|x64.Build.0 = Debug|x64
		{5FC90E51-DB56-4644-93F5-A71811ACEAAA}.Debug|x86.ActiveCfg = Debug|Win32
		{5FC90E51-DB56-4644-93F5-A71811ACEAAA}.Debug|x86.Build.0 = Debug|Win32
		{5FC90E51-DB56-4644-93F5-A71811ACEAAA}.Release|x64.ActiveCfg = Release|x64
		{5FC90E51-DB56-4644-93F5-A71811ACEAAA}.Release|x64.Build.0 = Release|x64
		{5FC90E51-DB56-4644-93F5-A71811ACEAAA}.Release|x86.ActiveCfg = Release|Win32
		{5FC90E51-DB56-4644-93F5-A71811ACEAAA}.Release|x86.Build.0 = Release|Win32
		{B2F0A1B8-A1C0-47F6-8C05-ACD6B8EEBF8C}.Debug|x64.ActiveCfg = Debug|x64
		{B2F0A1B8-A1C0-47F6-8C05-ACD6B8EEBF8C}.Debug|x64.Build.0 = Debug|x64
		{B2F0A1B8-A1C0-47F6-8C05-ACD6B8EEBF8C}.Debug|x86.ActiveCfg = Debug|Win32
		{B2F0A1B8-A1C0-47F6-8C05-ACD6B8EEBF8C}.Debug|x86.Build.0 = Debug|Win32
		{B2F0A1B8-A1C0-47F6-8C05-ACD6B8EEBF8C}.Release|x64.ActiveCfg = Release|x64
		{B2F0A1B8-A1C0-47F6-8C05-ACD6B8EEBF8C}.Release|x64.Build.0 = Release|x64
		{B2F0A1B8-A1C0-47F6-8C05-ACD6B8EEBF8C}.Release|x86.ActiveCfg = Release|Win32
		{B2F0A1B8-A1C0-47F6-8C05-ACD6B8EEBF8C}.Release|x86.Build.0 = Release|Win32
		{041DA7CF-0887-46C9-A215-3B269FF2AD24}.Debug|x64.ActiveCfg = Debug|x64
		{041DA7CF-0887-46C9-A215-3B269FF2AD24}.Debug|x64.Build.0 = Debug|x64
		{041DA7CF-0887-46C9-A215-3B269FF2AD24}.Debug|x86.ActiveCfg = Debug|Win32
		{041DA7CF-0887-46C9-A215-3B269FF2AD24}.Debug|x86.Build.0 = Debug|Win32
		{041DA7CF-0887-46C9-A215-3B269FF2AD24}.Release|x64.ActiveCfg = Release|x64
		{041DA7CF-0887-46C9-A215-3B269FF2AD24}.Release|x64.Build.0 = Release|x64
		{041DA7CF-0887-46C9-A215-3B269FF2AD24}.Release|x86.ActiveCfg = Release|Win32
		{041DA7CF-0887-46C9-A215-3B269FF2AD24}.Release|x86.Build.0 = Release|Win32
		{CCB26653-53E6-4538-8416-19C12492F1E4}.Debug|x64.ActiveCfg = Debug|x64
		{CCB26653-53E6-4538-8416-19C12492F1E4}.Debug|x64.Build.0 = Debug|x64
		{CCB26653-53E6-4538-8416-19C12492F1E4}.Debug|x86.ActiveCfg = Debug|Win32
		{CCB26653-53E6-4538-8416-19C12492F1E4}.Debug|x86.Build.0 = Debug|Win32
		{CCB26653-53E6-4538-8416-19C12492F1E4}.Release|x64.ActiveCfg = Release|x64
		{CCB26653-53E6-4538-8416-19C12492F1E4}.Release|x64.Build.0 = Release|x64
		{CCB26653-53E6-4538-8416-19C12492F1E4}.Release|x86.ActiveCfg = Release|Win32
		{CCB26653-53E6-4538-8416-19C12492F1E4}.Release|x86.Build.0 = Release|Win32
		{8D3A3F14-C976-4C24-AEFD-CA3412B71E2E}.Debug|x64.ActiveCfg = Debug|x64
		{8D3A3F14-C976-4C24-AEFD-CA3412B71E2E}.Debug|x64.Build.0 = Debug|x64
		{8D3A3F14-C976-4C24-AEFD-CA3412B71E2E}.Debug|x86.ActiveCfg = Debug|Win32
		{8D3A3F14-C976-4C24-AEFD-CA3412B71E2E}.Debug|x86.Build.0 = Debug|Win32
		{8D3A3F14-C976-4C24-AEFD-CA3412B71E2E}.Release|x64.ActiveCfg = Release|x64
		{8D3A3F14-C976-4C24-AEFD-CA3412B71E2E}.Release|x64.Build.0 = Release|x64
		{8D3A3F14-C976-4C24-AEFD-CA3412B71E2E}.Release|x86.ActiveCfg = Release|Win32
		{8D3A3F14-C976-4C24-AEFD-CA3412B71E2E}.Release|x86.Build.0 = Release|Win32
		{C0DCA47B-B8EF-4A65-A609-F2CFC862B03F}.Debug|x64.ActiveCfg = Debug|x64
		{C0DCA47B-B8EF-4A65-A609-F2CFC862B03F}.Debug|x64.Build.0 = Debug|x64
		{C0DCA47B-B8EF-4A65-A609-F2CFC862B03F}.Debug|x86.ActiveCfg = Debug|Win32
		{C0DCA47B-B8EF-4A65-A609-F2CFC862B03F}.Debug|x86.Build.0 = Debug|Win32
		{C0DCA47B-B8EF-4A65-A609-F2CFC862B03F}.Release|x64.ActiveCfg = Release|x64
		{C0DCA47B-B8EF-4A65-A609-F2CFC862B03F}.Release|x64.Build.0 = Release|x64
		{C0DCA47B-B8EF-4A65-A609-F2CFC862B03F}.Release|x86.ActiveCfg = Release|Win32
		{C0DCA47B-B8EF-4A65-A609-F2CFC862B03F}.Release|x86.Build.0 = Release|Win32
		{E33D73FA-BCD0-4515-A5DA-9BAF8F0BCD4F}.Debug|x64.ActiveCfg = Debug|x64
		{E33D73FA-BCD0-4515-A5DA-9BAF8F0BCD4F}.Debug|x64.Build.0 = Debug|x64
		{E33D73FA-BCD0-4515-A5DA-9BAF8F0BCD4F}.Debug|x86.ActiveCfg = Debug|Win32
		{E33D73FA-BCD0-4515-A5DA-9BAF8F0BCD4F}.Debug|x86.Build.0 = Debug|Win32
		{E33D73FA-BCD0-4515-A5DA-9BAF8F0BCD4F}.Release|x64.ActiveCfg = Release|x64
		{E33D73FA-BCD0-4515-A5DA-9BAF8F0BCD4F}.Release|x64.Build.0 = Release|x64
		{E33D73FA-BCD0-4515-A5DA-9BAF8F0BCD4F}.Release|x86.ActiveCfg = Release|Win32
		{E33D73FA-BCD0-4515-A5DA-9BAF8F0BCD4F}.Release|x86.Build.0 = Release|Win32
		{6A9D0CFA-7C9C-413C-93D0-8D59E5EEAB0E}.Debug|x64.ActiveCfg = Debug|x64
		{6A9D0CFA-7C9C-413C-93D0-8D59E5EEAB0E}.Debug|x64.Build.0 = Debug|x64
		{6A9D0CFA-7C9C-413C-93D0-8D59E5EEAB0E}.Debug|x86.ActiveCfg = Debug|Win32
		{6A9D0CFA-7C9C-413C-93D0-8D59E5EEAB0E}.Debug|x86.Build.0 = Debug|Win32
		{6A9D0CFA-7C9C-413C-93D0-8D59E5EEAB0E}.Release|x64.ActiveCfg = Release|x64
		{6A9D0CFA-7C9C-413C-93D0-8D59E5EEAB0E}.Release|x64.Build.0 = Release|x64
		{6A9D0CFA-7C9C-413C-93D0-8D59E5EEAB0E}.Release|x86.ActiveCfg = Release|Win32
		{6A9D0CFA-7C9C-413C-93D0-8D59E5EEAB0E}.Release|x86.Build.0 = Release|Win32
		{E328A942-A835-4FCD-88F0-06B8EADA55A5}.Debug|x64.ActiveCfg = Debug|x64
		{E328A942-A835-4FCD-88F0-06B8EADA55A5}.Debug|x64.Build.0 = Debug|x64
		{E328A942-A835-4FCD-88F0-06B8EADA55A5}.Debug|x86.ActiveCfg = Debug|Win32
		{E328A942-A835-4FCD-88F0-06B8EADA55A5}.Debug|x86.Build.0 = Debug|Win32
		{E328A942-A835-4FCD-88F0-06B8EADA55A5}.Release|x64.ActiveCfg = Release|x64
		{E328A942-A835-4FCD-88F0-06B8EADA55A5}.Release|x64.Build.0 = Release|x64
		{E328A942-A835-4FCD-88F0-06B8EADA55A5}.Release|x86.ActiveCfg = Release|Win32
		{E328A942-A835-4FCD-88F0-06B8EADA55A5}.Release|x86.Build.0 = Release|Win32
		{CA6037CC-9A22-434A-821A-4AAD977B914B}.Debug|x64.ActiveCfg = Debug|x64
		{CA6037CC-9A22-434A-821A-4AAD977B914B}.Debug|x64.Build.0 = Debug|x64
		{CA6037CC-9A22-434A-821A-4AAD977B914B}.Debug|x86.ActiveCfg = Debug|Win32
		{CA6037CC-9A22-434A-821A-4AAD977B914B}.Debug|x86.Build.0 = Debug|Win32
		{CA6037CC-9A22-434A-821A-4AAD977B914B}.Release|x64.ActiveCfg = Release|x64
		{CA6037CC-9A22-434A-821A-4AAD977B914B}.Release|x64.Build.0 = Release|x64
		{CA6037CC-9A22-434A-821A-4AAD977B914B}.Release|x86.ActiveCfg = Release|Win32
		{CA6037CC-9A22-434A-821A-4AAD977B914B}.Release|x86.Build.0 = Release|Win32
		{23EDA848-972D-4200-A601-12E15D9DF19D}.Debug|x64.ActiveCfg = Debug|x64
		{23EDA848-972D-4200-A601-12E15D9DF19D}.Debug|x64.Build.0 = Debug|x64
		{23EDA848-972D-4200-A601-12E15D9DF19D}.Debug|x86.ActiveCfg = Debug|Win32
		{23EDA848-972D-4200-A601-12E15D9DF19D}.Debug|x86.Build.0 = Debug|Win32
		{23EDA848-972D-4200-A601-12E15D9DF19D}.Release|x64.ActiveCfg = Release|x64
		{23EDA848-972D-4200-A601-12E15D9DF19D}.Release|x64.Build.0 = Release|x64
		{23EDA848-972D-4200-A601-12E15D9DF19D}.Release|x86.ActiveCfg = Release|Win32
		{23EDA848-972D-4200-A601-12E15D9DF19D}.Release|x86.Build.0 = Release|Win32
		{721A5635-F52C-4187-B337-EC425CEE7D1E}.Debug|x64.ActiveCfg = Debug|x64
		{721A5635-F52C-4187-B337-EC425CEE7D1E}.Debug|x64.Build.0 = Debug|x64
		{721A5635-F52C-4187-B337-EC425CEE7D1E}.Debug|x86.ActiveCfg = Debug|Win32
		{721A5635-F52C-4187-B337-EC425CEE7D1E}.Debug|x86.Build.0 = Debug|Win32
		{721A5635-F52C-4187-B337-EC425CEE7D1E}.Release|x64.ActiveCfg = Release|x64
		{721A5635-F52C-4187-B337-EC425CEE7D1E}.Release|x64.Build.0 = Release|x64
		{721A5635-F52C-4187-B337-EC425CEE7D1E}.Release|x86.ActiveCfg = Release|Win32
		{721A5635-F52C-4187-B337-EC425CEE7D1E}.Release|x86.Build.0 = Release|Win32
		{1B220240-CD91-454D-9903-B2AD1AA8C5D5}.Debug|x64.ActiveCfg = Debug|x64
		{1B220240-CD91-454D-9903-B2AD1AA8C5D5}.Debug|x64.Build.0 = Debug|x64
		{1B220240-CD91-454D-9903-B2AD1AA8C5D5}.Debug|x86.ActiveCfg = Debug|Win32
		{1B220240-CD91-454D-9903-B2AD1AA8C5D5}.Debug|x86.Build.0 = Debug|Win32
		{1B220240-CD91-454D-9903-B2AD1AA8C5D5}.Release|x64.ActiveCfg = Release|x64
		{1B220240-CD91-454D-9903-B2AD1AA8C5D5}.Release|x64.Build.0 = Release|x64
		{1B220240-CD91-454D-9903-B2AD1AA8C5D5}.Release|x86.ActiveCfg = Release|Win32
		{1B220240-CD91-454D-9903-B2AD1AA8C5D5}.Release|x86.Build.0 = Release|Win32
		{202EEA06-3F63-459B-AE04-488285285529}.Debug|x64.ActiveCfg = Debug|x64
		{202EEA06-3F63-459B-AE04-488285285529}.Debug|x64.Build.0 = Debug|x64
		{202EEA06-3F63-459B-AE04-488285285529}.Debug|x86.ActiveCfg = Debug|Win32
		{202EEA06-3F63-459B-AE04-488285285529}.Debug|x86.Build.0 = Debug|Win32
		{202EEA06-3F63-459B-AE04-488285285529}.Release|x64.ActiveCfg = Release|x64
		{202EEA06-3F63-459B-AE04-488285285529}.Release|x64.Build.0 = Release|x64
		{202EEA06-3F63-459B-AE04-488285285529}.Release|x86.ActiveCfg = Release|Win32
		{202EEA06-3F63-459B-AE04-488285285529}.Release|x86.Build.0 = Release|Win32
		{5A6928EE-AA12-4C82-BD80-BD007C551368}.Debug|x64.ActiveCfg = Debug|x64
		{5A6928EE-AA12-4C82-BD80-BD007C551368}.Debug|x64.Build.0 = Debug|x64
		{5A6928EE-AA12-4C82-BD80-BD007C551368}.Debug|x86.ActiveCfg = Debug|Win32
		{5A6928EE-AA12-4C82-BD80-BD007C551368}.Debug|x86.Build.0 = Debug|Win32
		{5A6928EE-AA12-4C82-BD80-BD007C551368}.Release|x64.ActiveCfg = Release|x64
		{5A6928EE-AA12-4C82-BD80-BD007C551368}.Release|x64.Build.0 = Release|x64
		{5A6928EE-AA12-4C82-BD80-BD007C551368}.Release|x86.ActiveCfg = Release|Win32
		{5A6928EE-AA12-4C82-BD80-BD007C551368}.Release|x86.Build.0 = Release|Win32
		{AA6C8EE9-C8D8-45BD-930D-EC209E70DA3C}.Debug|x64.ActiveCfg = Debug|x64
		{AA6C8EE9-C8D8-45BD-930D-EC209E70DA3C}.Debug|x64.Build.0 = Debug|x64
		{AA6C8EE9-C8D8-45BD-930D-EC209E70DA3C}.Debug|x86.ActiveCfg = Debug|Win32
		{AA6C8EE9-C8D8-45BD-930D-EC209E70DA3C}.Debug|x86.Build.0 = Debug|Win32
		{AA6C8EE9-C8D8-45BD-930D-EC209E70DA3C}.Release|x64.ActiveCfg = Release|x64
		{AA6C8EE9-C8D8-45BD-930D-EC209E70DA3C}.Release|x64.Build.0 = Release|x64
		{AA6C8EE9-C8D8-45BD-930D-EC209E70DA3C}.Release|x86.ActiveCfg = Release|Win32
		{AA6C8EE9-C8D8-45BD-930D-EC209E70DA3C}.Release|x86.Build.0 = Release|Win32
		{B79D3B28-E8A2-4267-94A5-E666ECC50FE2}.Debug|x64.ActiveCfg = Debug|x64
		{B79D3B28-E8A2-4267-94A5-E666ECC50FE2}.Debug|x64.Build.0 = Debug|x64
		{B79D3B28-E8A2-4267-94A5-E666ECC50FE2}.Debug|x86.ActiveCfg = Debug|Win32
		{B79D3B28-E8A2-4267-94A5-E666ECC50FE2}.Debug|x86.Build.0 = Debug|Win32
		{B79D3B28-E8A2-4267-94A5-E666ECC50FE2}.Release|x64.ActiveCfg = Release|x64
		{B79D3B28-E8A2-4267-94A5-E666ECC50FE2}.Release|x64.Build.0 = Release|x64
		{B79D3B28-E8A2-4267-94A5-E666ECC50FE2}.Release|x86.ActiveCfg = Release|Win32
		{B79D3B28-E8A2-4267-94A5-E666ECC50FE2}.Release|x86.Build.0 = Release|Win32
		{BA873FBF-5407-47BE-A480-6BEF30A39DE7}.Debug|x64.ActiveCfg = Debug|x64
		{BA873FBF-5407-47BE-A480-6BEF30A39DE7}.Debug|x64.Build.0 = Debug|x64
		{BA873FBF-5407-47BE-A480-6BEF30A39DE7}.Debug|x86.ActiveCfg = Debug|Win32
		{BA873FBF-5407-47BE-A480-6BEF30A39DE7}.Debug|x86.Build.0 = Debug|Win32
		{BA873FBF-5407-47BE-A480-6BEF30A39DE7}.Release|x64.ActiveCfg = Release|x64
		{BA873FBF-5407-47BE-A480-6BEF30A39DE7}.Release|x64.Build.0 = Release|x64
		{BA873FBF-5407-47BE-A480-6BEF30A39DE7}.Release|x86.ActiveCfg = Release|Win32
		{BA873FBF-5407-47BE-A480-6BEF30A39DE7}.Release|x86.Build.0 = Release|Win32
		{1B4ACC4F-0C49-492C-A134-05CED153FA0B}.Debug|x64.ActiveCfg = Debug|x64
		{1B4ACC4F-0C49-492C-A134-05CED153FA0B}.Debug|x64.Build.0 = Debug|x64
		{1B4ACC4F-0C49-492C-A134-05CED153FA0B}.Debug|x86.ActiveCfg = Debug|Win32
		{1B4ACC4F-0C49-492C-A134-05CED153FA0B}.Debug|x86.Build.0 = Debug|Win32
		{1B4ACC4F-0C49-492C-A134-05CED153FA0B}.Release|x64.ActiveCfg = Release|x64
		{1B4ACC4F-0C49-492C-A134-05CED153FA0B}.Release|x64.Build.0 = Release|x64
		{1B4ACC4F-0C49-492C-A134-05CED153FA0B}.Release|x86.ActiveCfg = Release|Win32
		{1B4ACC4F-0C49-492C-A134-05CED153FA0B}.Release|x86.Build.0 = Release|Win32
		{9E246AF7-4DCC-41AD-863E-07C4DEA1841C}.Debug|x64.ActiveCfg = Debug|x64
		{9E246AF7-4DCC-41AD-863E-07C4DEA1841C}.Debug|x64.Build.0 = Debug|x64
		{9E246AF7-4DCC-41AD-863E-07C4DEA1841C}.Debug|x86.ActiveCfg = Debug|Win32
		{9E246AF7-4DCC-41AD-863E-07C4DEA1841C}.Debug|x86.Build.0 = Debug|Win32
		{9E246AF7-4DCC-41AD-863E-07C4DEA1841C}.Release|x64.ActiveCfg = Release|x64
		{9E246AF7-4DCC-41AD-863E-07C4DEA1841C}.Release|x64.Build.0 = Release|x64
		{9E246AF7-4DCC-41AD-863E-07C4DEA1841C}.Release|x86.ActiveCfg = Release|Win32
		{9E246AF7-4DCC-41AD-863E-07C4DEA1841C}.Release|x86.Build.0 = Release|Win32
		{12564E6F-74FC-4B58-AFE3-4A9E87F54758}.Debug|x64.ActiveCfg = Debug|x64
		{12564E6F-74FC-4B58-AFE3-4A9E87F54758}.Debug|x64.Build.0 = Debug|x64
		{12564E6F-74FC-4B58-AFE3-4A9E87F54758}.Debug|x86.ActiveCfg = Debug|Win32
		{12564E6F-74FC-4B58-AFE3-4A9E87F54758}.Debug|x86.Build.0 = Debug|Win32
		{12564E6F-74FC-4B58-AFE3-4A9E87F54758}.Release|x64.ActiveCfg = Release|x64
		{12564E6F-74FC-4B58-AFE3-4A9E87F54758}.Release|x64.Build.0 = Release|x64
		{12564E6F-74FC-4B58-AFE3-4A9E87F54758}.Release|x86.ActiveCfg = Release|Win32
		{12564E6F-74FC-4B58-AFE3-4A9E87F54758}.Release|x86.Build.0 = Release|Win32
		{2D8425CD-DA84-4A39-97E6-CC71A407785C}.Debug|x64.ActiveCfg = Debug|x64
		{2D8425CD-DA84-4A39-97E6-CC71A407785C}.Debug|x64.Build.0 = Debug|x64
		{2D8425CD-DA84-4A39-97E6-CC71A407785C}.Debug|x86.ActiveCfg = Debug|Win32
		{2D8425CD-DA84-4A39-97E6-CC71A407785C}.Debug|x86.Build.0 = Debug|Win32
		{2D8425CD-DA84-4A39-97E6-CC71A407785C}.Release|x64.ActiveCfg = Release|x64
		{2D8425CD-DA84-4A39-97E6-CC71A407785C}.Release|x64.Build.0 = Release|x64
		{2D8425CD-DA84-4A39-97E6-CC71A407785C}.Release|x86.ActiveCfg = Release|Win32
		{2D8425CD-DA84-4A39-97E6-CC71A407785C}.Release|x86.Build.0 = Release|Win32
		{BA4042D1-247A-445B-AD95-768D3771F351}.Debug|x64.ActiveCfg = Debug|x64
		{BA4042D1-247A-445B-AD95-768D3771F351}.Debug|x64.Build.0 = Debug|x64
		{BA4042D1-247A-445B-AD95-768D3771F351}.Debug|x86.ActiveCfg = Debug|Win32
		{BA4042D1-247A-445B-AD95-768D3771F351}.Debug|x86.Build.0 = Debug|Win32
		{BA4042D1-247A-445B-AD95-768D3771F351}.Release|x64.ActiveCfg = Release|x64
		{BA4042D1-247A-445B-AD95-768D3771F351}.Release|x64.Build.0 = Release|x64
		{BA4042D1-247A-445B-AD95-768D3771F351}.Release|x86.ActiveCfg = Release|Win32
		{BA4042D1-247A-445B-AD95-768D3771F351}.Release|x86.Build.0 = Release|Win32
		{32C6548B-E018-45F7-88A0-EE4C31B058F2}.Debug|x64.ActiveCfg = Debug|x64
		{32C6548B-E018-45F7-88A0-EE4C31B058F2}.Debug|x64.Build.0 = Debug|x64
		{32C6548B-E018-45F7-88A0-EE4C31B058F2}.Debug|x86.ActiveCfg = Debug|Win32
		{32C6548B-E018-45F7-88A0-EE4C31B058F2}.Debug|x86.Build.0 = Debug|Win32
		{32C6548B-E018-45F7-88A0-EE4C31B058F2}.Release|x64.ActiveCfg = Release|x64
		{32C6548B-E018-45F7-88A0-EE4C31B058F2}.Release|x64.Build.0 = Release|x64
		{32C6548B-E018-45F7-88A0-EE4C31B058F2}.Release|x86.ActiveCfg = Release|Win32
		{32C6548B-E018-45F7-88A0-EE4C31B058F2}.Release|x86.Build.0 = Release|Win32
		{D327D157-BF1F-4081-A2B4-29D580B23488}.Debug|x64.ActiveCfg = Debug|x64
		{D327D157-BF1F-4081-A2B4-29D580B23488}.Debug|x64.Build.0 = Debug|x64
		{D327D157-BF1F-4081-A2B4-29D580B23488}.Debug|x86.ActiveCfg = Debug|Win32
		{D327D157-BF1F-4081-A2B4-29D580B23488}.Debug|x86.Build.0 = Debug|Win32
		{D327D157-BF1F-4081-A2B4-29D580B23488}.Release|x64.ActiveCfg = Release|x64
		{D327D157-BF1F-4081-A2B4-29D580B23488}.Release|x64.Build.0 = Release|x64
		{D327D157-BF1F-4081-A2B4-29D580B23488}.Release|x86.ActiveCfg = Release|Win32
		{D327D157-BF1F-4081-A2B4-29D580B23488}.Release|x86.Build.0 = Release|Win32
		{4117477E-0FC9-43E4-B6C3-1971BE9FA2CE}.Debug|x64.ActiveCfg = Debug|x64
		{4117477E-0FC9-43E4-B6C3-1971BE9FA2CE}.Debug|x64.Build.0 = Debug|x64
		{4117477E-0FC9-43E4-B6C3-1971BE9FA2CE}.Debug|x86.ActiveCfg = Debug|Win32
		{4117477E-0FC9-43E4-B6C3-1971BE9FA2CE}.Debug|x86.Build.0 = Debug|Win32
		{4117477E-0FC9-43E4-B6C3-1971BE9FA2CE}.Release|x64.ActiveCfg = Release|x64
		{4117477E-0FC9-43E4-B6C3-1971BE9FA2CE}.Release|x64.Build.0 = Release|x64
		{4117477E-0FC9-43E4-B6C3-1971BE9FA2CE}.Release|x86.ActiveCfg = Release|Win32
		{4117477E-0FC9-43E4-B6C3-1971BE9FA2CE}.Release|x86.Build.0 = Release|Win32
		{023EE585-B83C-491F-B0D5-56008E6EBAF6}.Debug|x64.ActiveCfg = Debug|x64
		{023EE585-B83C-491F-B0D5-56008E6EBAF6}.Debug|x64.Build.0 = Debug|x64
		{023EE585-B83C-491F-B0D5-56008E6EBAF6}.Debug|x86.ActiveCfg = Debug|Win32
		{023EE585-B83C-491F-B0D5-56008E6EBAF6}.Debug|x86.Build.0 = Debug|Win32
		{023EE585-B83C-491F-B0D5-56008E6EBAF6}.Release|x64.ActiveCfg = Release|x64
		{023EE585-B83C-491F-B0D5-56008E6EBAF6}.Release|x64.Build.0 = Release|x64
		{023EE585-B83C-491F-B0D5-56008E6EBAF6}.Release|x86.ActiveCfg = Release|Win32
		{023EE585-B83C-491F-B0D5-56008E6EBAF6}.Release|x86.Build.0 = Release|Win32
		{937291F7-07E1-42AB-B756-CA9F780A6EFB}.Debug|x64.ActiveCfg = Debug|x64
		{937291F7-07E1-42AB-B756-CA9F780A6EFB}.Debug|x64.Build.0 = Debug|x64
		{937291F7-07E1-42AB-B756-CA9F780A6EFB}.Debug|x86.ActiveCfg = Debug|Win32
		{937291F7-07E1-42AB-B756-CA9F780A6EFB}.Debug|x86.Build.0 = Debug|Win32
		{937291F7-07E1-42AB-B756-CA9F780A6EFB}.Release|x64.ActiveCfg = Release|x64
		{937291F7-07E1-42AB-B756-CA9F780A6EFB}.Release|x64.Build.0 = Release|x64
		{937291F7-07E1-42AB-B756-CA9F780A6EFB}.Release|x86.ActiveCfg = Release|Win32
		{937291F7-07E1-42AB-B756-CA9F780A6EFB}.Release|x86.Build.0 = Release|Win32
		{20C185D7-7DFD-43F7-A974-E137DEF17290}.Debug|x64.ActiveCfg = Debug|x64
		{20C185D7-7DFD-43F7-A974-E137DEF17290}.Debug|x64.Build.0 = Debug|x64
		{20C185D7-7DFD-43F7-A974-E137DEF17290}.Debug|x86.ActiveCfg = Debug|Win32
		{20C185D7-7DFD-43F7-A974-E137DEF17290}.Debug|x86.Build.0 = Debug|Win32
		{20C185D7-7DFD-43F7-A974-E137DEF17290}.Release|x64.ActiveCfg = Release|x64
		{20C185D7-7DFD-43F7-A974-E137DEF17290}.Release|x64.Build.0 = Release|x64
		{20C185D7-7DFD-43F7-A974-E137DEF17290}.Release|x86.ActiveCfg = Release|Win32
		{20C185D7-7DFD-43F7-A974-E137DEF17290}.Release|x86.Build.0 = Release|Win32
		{3333F506-2018-440C-BA1B-B385807470C0}.Debug|x64.ActiveCfg = Debug|x64
		{3333F506-2018-440C-BA1B-B385807470C0}.Debug|x64.Build.0 = Debug|x64
		{3333F506-2018-440C-BA1B-B385807470C0}.Debug|x86.ActiveCfg = Debug|Win32
		{3333F506-2018-440C-BA1B-B385807470C0}.Debug|x86.Build.0 = Debug|Win32
		{3333F506-2018-440C-BA1B-B385807470C0}.Release|x64.ActiveCfg = Release|x64
		{3333F506-2018-440C-BA1B-B385807470C0}.Release|x64.Build.0 = Release|x64
		{3333F506-2018-440C-BA1B-B385807470C0}.Release|x86.ActiveCfg = Release|Win32
		{3333F506-2018-440C-BA1B-B385807470C0}.Release|x86.Build.0 = Release|Win32
		{5F58A2B6-0A02-4E2F-AD4B-2DDE9D577AF9}.Debug|x64.ActiveCfg = Debug|x64
		{5F58A2B6-0A02-4E2F-AD4B-2DDE9D577AF9}.Debug|x64.Build.0 = Debug|x64
		{5F58A2B6-0A02-4E2F-AD4B-2DDE9D577AF9}.Debug|x86.ActiveCfg = Debug|Win32
		{5F58A2B6-0A02-4E2F-AD4B-2DDE9D577AF9}.Debug|x86.Build.0 = Debug|Win32
		{5F58A2B6-0A02-4E2F-AD4B-2DDE9D577AF9}.Release|x64.ActiveCfg = Release|x64
		{5F58A2B6-0A02-4E2F-AD4B-2DDE9D577AF9}.Release|x64.Build.0 = Release|x64
		{5F58A2B6-0A02-4E2F-AD4B-2DDE9D577AF9}.Release|x86.ActiveCfg = Release|Win32
		{5F58A2B6-0A02-4E2F-AD4B-2DDE9D577AF9}.Release|x86.Build.0 = Release|Win32
		{11939B93-1D94-4BE8-A2DE-3646FAA33F92}.Debug|x64.ActiveCfg = Debug|x64
		{11939B93-1D94-4BE8-A2DE-3646FAA33F92}.Debug|x64.Build.0 = Debug|x64
		{11939B93-1D94-4BE8-A2DE-3646FAA33F92}.Debug|x86.ActiveCfg = Debug|Win32
		{11939B93-1D94-4BE8-A2DE-3646FAA33F92}.Debug|x86.Build.0 = Debug|Win32
		{11939B93-1D94-4BE8-A2DE-3646FAA33F92}.Release|x64.ActiveCfg = Release|x64
		{11939B93-1D94-4BE8-A2DE-3646FAA33F92}.Release|x64.Build.0 = Release|x64
		{11939B93-1D94-4BE8-A2DE-3646FAA33F92}.Release|x86.ActiveCfg = Release|Win32
		{11939B93-1D94-4BE8-A2DE-3646FAA33F92}.Release|x86.Build.0 = Release|Win32
		{10B751EC-6F28-4535-A7D1-65EFB3F765E5}.Debug|x64.ActiveCfg = Debug|x64
		{10B751EC-6F28-4535-A7D1-65EFB3F765E5}.Debug|x64.Build.0 = Debug|x64
		{10B751EC-6F28-4535-A7D1-65EFB3F765E5}.Debug|x86.ActiveCfg = Debug|Win32
		{10B751EC-6F28-4535-A7D1-65EFB3F765E5}.Debug|x86.Build.0 = Debug|Win32
		{10B751EC-6F28-4535-A7D1-65EFB3F765E5}.Release|x64.ActiveCfg = Release|x64
		{10B751EC-6F28-4535-A7D1-65EFB3F765E5}.Release|x64.Build.0 = Release|x64
		{10B751EC-6F28-4535-A7D1-65EFB3F765E5}.Release|x86.ActiveCfg = Release|Win32
		{10B751EC-6F28-4535-A7D1-65EFB3F765E5}.Release|x86.Build.0 = Release|Win32
		{1F084164-A72A-4062-9FA7-1F1815AF777D}.Debug|x64.ActiveCfg = Debug|x64
		{1F084164-A72A-4062-9FA7-1F1815AF777D}.Debug|x64.Build.0 = Debug|x64
		{1F084164-A72A-4062-9FA7-1F1815AF777D}.Debug|x86.ActiveCfg = Debug|Win32
		{1F084164-A72A-4062-9FA7-1F1815AF777D}.Debug|x86.Build.0 = Debug|Win32
		{1F084164-A72A-4062-9FA7-1F1815AF777D}.Release|x64.ActiveCfg = Release|x64
		{1F084164-A72A-4062-9FA7-1F1815AF777D}.Release|x64.Build.0 = Release|x64
		{1F084164-A72A-4062-9FA7-1F1815AF777D}.Release|x86.ActiveCfg = Release|Win32
		{1F084164-A72A-4062-9FA7-1F1815AF777D}.Release|x86.Build.0 = Release|Win32
		{FC62D179-EA94-4BEF-836F-F734C3371725}.Debug|x64.ActiveCfg = Debug|x64
		{FC62D179-EA94-4BEF-836F-F734C3371725}.Debug|x64.Build.0 = Debug|x64
		{FC62D179-EA94-4BEF-836F-F734C3371725}.Debug|x86.ActiveCfg = Debug|Win32
		{FC62D179-EA94-4BEF-836F-F734C3371725}.Debug|x86.Build.0 = Debug|Win32
		{FC62D179-EA94-4BEF-836F-F734C3371725}.Release|x64.ActiveCfg = Release|x64
		{FC62D179-EA94-4BEF-836F-F734C3371725}.Release|x64.Build.0 = Release|x64
		{FC62D179-EA94-4BEF-836F-F734C3371725}.Release|x86.ActiveCfg = Release|Win32
		{FC62D179-EA94-4BEF-836F-F734C3371725}.Release|x86.Build.0 = Release|Win32
		{4051985C-FA4A-4802-851A-3A24639F1A47}.Debug|x64.ActiveCfg = Debug|x64
		{4051985C-FA4A-4802-851A-3A24639F1A47}.Debug|x64.Build.0 = Debug|x64
		{4051985C-FA4A-4802-851A-3A24639F1A47}.Debug|x86.ActiveCfg = Debug|Win32
		{4051985C-FA4A-4802-851A-3A24639F1A47}.Debug|x86.Build.0 = Debug|Win32
		{4051985C-FA4A-4802-851A-3A24639F1A47}.Release|x64.ActiveCfg = Release|x64
		{4051985C-FA4A-4802-851A-3A24639F1A47}.Release|x64.Build.0 = Release|x64
		{4051985C-FA4A-4802-851A-3A24639F1A47}.Release|x86.ActiveCfg = Release|Win32
		{4051985C-FA4A-4802-851A-3A24639F1A47}.Release|x86.Build.0 = Release|Win32
		{294EA776-3BC3-4203-9B03-F1A58BD8BCA1}.Debug|x64.ActiveCfg = Debug|x64
		{294EA776-3BC3-4203-9B03-F1A58BD8BCA1}.Debug|x64.Build.0 = Debug|x64
		{294EA776-3BC3-4203-9B03-F1A58BD8BCA1}.Debug|x86.ActiveCfg = Debug|Win32
		{294EA776-3BC3-4203-9B03-F1A58BD8BCA1}.Debug|x86.Build.0 = Debug|Win32
		{294EA776-3BC3-4203-9B03-F1A58BD8BCA1}.Release|x64.ActiveCfg = Release|x64
		{294EA776-3BC3-4203-9B03-F1A58BD8BCA1}.Release|x64.Build.0 = Release|x64
		{294EA776-3BC3-4203-9B03-F1A58BD8BCA1}.Release|x86.ActiveCfg = Release|Win32
		{294EA776-3BC3-4203-9B03-F1A58BD8BCA1}.Release|x86.Build.0 = Release|Win32
		{B0618C2F-01E4-4464-A636-123F8BF6F427}.Debug|x64.ActiveCfg = Debug|x64
		{B0618C2F-01E4-4464-A636-123F8BF6F427}.Debug|x64.Build.0 = Debug|x64
		{B0618C2F-01E4-4464-A636-123F8BF6F427}.Debug|x86.ActiveCfg = Debug|Win32
		{B0618C2F-01E4-4464-A636-123F8BF6F427}.Debug|x86.Build.0 = Debug|Win32
		{B0618C2F-01E4-4464-A636-123F8BF6F427}.Release|x64.ActiveCfg = Release|x64
		{B0618C2F-01E4-4464-A636-123F8BF6F427}.Release|x64.Build.0 = Release|x64
		{B0618C2F-01E4-4464-A636-123F8BF6F427}.Release|x86.ActiveCfg = Release|Win32
		{B0618C2F-01E4-4464-A636-123F8BF6F427}.Release|x86.Build.0 = Release|Win32
		{BEACC56A-244B-4EFC-8E97-18F13B0A68FC}.Debug|x64.ActiveCfg = Debug|x64
		{BEACC56A-244B-4EFC-8E97-18F13B0A68FC}.Debug|x64.Build.0 = Debug|x64
		{BEACC56A-244B-4EFC-8E97-18F13B0A68FC}.Debug|x86.ActiveCfg = Debug|Win32
		{BEACC56A-244B-4EFC-8E97-18F13B0A68FC}.Debug|x86.Build.0 = Debug|Win32
		{BEACC56A-244B-4EFC-8E97-18F13B0A68FC}.Release|x64.ActiveCfg = Release|x64
		{BEACC56A-244B-4EFC-8E97-18F13B0A68FC}.Release|x64.Build.0 = Release|x64
		{BEACC56A-244B-4EFC-8E97-18F13B0A68FC}.Release|x86.ActiveCfg = Release|Win32
		{BEACC56A-244B-4EFC-8E97-18F13B0A68FC}.Release|x86.Build.0 = Release|Win32
		{2468D07D-CE21-409C-A538-D1E10C5B13E0}.Debug|x64.ActiveCfg = Debug|x64
		{2468D07D-CE21-409C-A538-D1E10C5B13E0}.Debug|x64.Build.0 = Debug|x64
		{2468D07D-CE21-409C-A538-D1E10C5B13E0}.Debug|x86.ActiveCfg = Debug|Win32
		{2468D07D-CE21-409C-A538-D1E10C5B13E0}.Debug|x86.Build.0 = Debug|Win32
		{2468D07D-CE21-409C-A538-D1E10C5B13E0}.Release|x64.ActiveCfg = Release|x64
		{2468D07D-CE21-409C-A538-D1E10C5B13E0}.Release|x64.Build.0 = Release|x64
		{2468D07D-CE21-409C-A538-D1E10C5B13E0}.Release|x86.ActiveCfg = Release|Win32
		{2468D07D-CE21-409C-A538-D1E10C5B13E0}.Release|x86.Build.0 = Release|Win32
		{134F06B6-6112-4EFF-89A8-1AD1B824D23B}.Debug|x64.ActiveCfg = Debug|x64
		{134F06B6-6112-4EFF-89A8-1AD1B824D23B}.Debug|x64.Build.0 = Debug|x64
		{134F06B6-6112-4EFF-89A8-1AD1B824D23B}.Debug|x86.ActiveCfg = Debug|Win32
		{134F06B6-6112-4EFF-89A8-1AD1B824D23B}.Debug|x86.Build.0 = Debug|Win32
		{134F06B6-6112-4EFF-89A8-1AD1B824D23B}.Release|x64.ActiveCfg = Release|x64
		{134F06B6-6112-4EFF-89A8-1AD1B824D23B}.Release|x64.Build.0 = Release|x64
		{134F06B6-6112-4EFF-89A8-1AD1B824D23B}.Release|x86.ActiveCfg = Release|Win32
		{134F06B6-6112-4EFF-89A8-1AD1B824D23B}.Release|x86.Build.0 = Release|Win32
		{02BECA6E-B7AB-49CC-807C-B871887B51FD}.Debug|x64.ActiveCfg = Debug|x64
		{02BECA6E-B7AB-49CC-807C-B871887B51FD}.Debug|x64.Build.0 = Debug|x64
		{02BECA6E-B7AB-49CC-807C-B871887B51FD}.Debug|x86.ActiveCfg = Debug|Win32
		{02BECA6E-B7AB-49CC-807C-B871887B51FD}.Debug|x86.Build.0 = Debug|Win32
		{02BECA6E-B7AB-49CC-807C-B871887B51FD}.Release|x64.ActiveCfg = Release|x64
		{02BECA6E-B7AB-49CC-807C-B871887B51FD}.Release|x64.Build.0 = Release|x64
		{02BECA6E-B7AB-49CC-807C-B871887B51FD}.Release|x86.ActiveCfg = Release|Win32
		{02BECA6E-B7AB-49CC-807C-B871887B51FD}.Release|x86.Build.0 = Release|Win32
		{A99A4520-BE6F-4255-9975-554CA8199AA6}.Debug|x64.ActiveCfg = Debug|x64
		{A99A4520-BE6F-4255-9975-554CA8199AA6}.Debug|x64.Build.0 = Debug|x64
		{A99A4520-BE6F-4255-9975-554CA8199AA6}.Debug|x86.ActiveCfg = Debug|Win32
		{A99A4520-BE6F-4255-9975-554CA8199AA6}.Debug|x86.Build.0 = Debug|Win32
		{A99A4520-BE6F-4255-9975-554CA8199AA6}.Release|x64.ActiveCfg = Release|x64
		{A99A4520-BE6F-4255-9975-554CA8199AA6}.Release|x64.Build.0 = Release|x64
		{A99A4520-BE6F-4255-9975-554CA8199AA6}.Release|x86.ActiveCfg = Release|Win32
		{A99A4520-BE6F-4255-9975-554CA8199AA6}.Release|x86.Build.0 = Release|Win32
		{21D7298C-F3E0-4B3D-8864-10311430E1D3}.Debug|x64.ActiveCfg = Debug|x64
		{21D7298C-F3E0-4B3D-8864-10311430E1D3}.Debug|x64.Build.0 = Debug|x64
		{21D7298C-F3E0-4B3D-8864-10311430E1D3}.Debug|x86.ActiveCfg = Debug|Win32
		{21D7298C-F3E0-4B3D-8864-10311430E1D3}.Debug|x86.Build.0 = Debug|Win32
		{21D7298C-F3E0-4B3D-8864-10311430E1D3}.Release|x64.ActiveCfg = Release|x64
		{21D7298C-F3E0-4B3D-8864-10311430E1D3}.Release|x64.Build.0 = Release|x64
		{21D7298C-F3E0-4B3D-8864-10311430E1D3}.Release|x86.ActiveCfg = Release|Win32
		{21D7298C-F3E0-4B3D-8864-10311430E1D3}.Release|x86.Build.0 = Release|Win32
		{04D3D20F-CD61-45F1-81F3-C61611E59539}.Debug|x64.ActiveCfg = Debug|x64
		{04D3D20F-CD61-45F1-81F3-C61611E59539}.Debug|x64.Build.0 = Debug|x64
		{04D3D20F-CD61-45F1-81F3-C61611E59539}.Debug|x86.ActiveCfg = Debug|Win32
		{04D3D20F-CD61-45F1-81F3-C61611E59539}.Debug|x86.Build.0 = Debug|Win32
		{04D3D20F-CD61-45F1-81F3-C61611E59539}.Release|x64.ActiveCfg = Release|x64
		{04D3D20F-CD61-45F1-81F3-C61611E59539}.Release|x64.Build.0 = Release|x64
		{04D3D20F-CD61-45F1-81F3-C61611E59539}.Release|x86.ActiveCfg = Release|Win32
		{04D3D20F-CD61-45F1-81F3-C61611E59539}.Release|x86.Build.0 = Release|Win32
		{877FE10F-0489-452F-B7EF-4B2834860212}.Debug|x64.ActiveCfg = Debug|x64
		{877FE10F-0489-452F-B7EF-4B2834860212}.Debug|x64.Build.0 = Debug|x64
		{877FE10F-0489-452F-B7EF-4B2834860212}.Debug|x86.ActiveCfg = Debug|Win32
		{877FE10F-0489-452F-B7EF-4B2834860212}.Debug|x86.Build.0 = Debug|Win32
		{877FE10F-0489-452F-B7EF-4B2834860212}.Release|x64.ActiveCfg = Release|x64
		{877FE10F-0489-452F-B7EF-4B2834860212}.Release|x64.Build.0 = Release|x64
		{877FE10F-0489-452F-B7EF-4B2834860212}.Release|x86.ActiveCfg = Release|Win32
		{877FE10F-0489-452F-B7EF-4B2834860212}.Release|x86.Build.0 = Release|Win32
		{24B67740-6905-4BD3-9A0B-D051B8245BF6}.Debug|x64.ActiveCfg = Debug|x64
		{24B67740-6905-4BD3-9A0B-D051B8245BF6}.Debug|x64.Build.0 = Debug|x64
		{24B67740-6905-4BD3-9A0B-D051B8245BF6}.Debug|x86.ActiveCfg = Debug|Win32
		{24B67740-6905-4BD3-9A0B-D051B8245BF6}.Debug|x86.Build.0 = Debug|Win32
		{24B67740-6905-4BD3-9A0B-D051B8245BF6}.Release|x64.ActiveCfg = Release|x64
		{24B67740-6905-4BD3-9A0B-D051B8245BF6}.Release|x64.Build.0 = Release|x64
		{24B67740-6905-4BD3-9A0B-D051B8245BF6}.Release|x86.ActiveCfg = Release|Win32
		{24B67740-6905-4BD3-9A0B-D051B8245BF6}.Release|x86.Build.0 = Release|Win32
		{818B84EF-4844-4611-B281-957846B808DA}.Debug|x64.ActiveCfg = Debug|x64
		{818B84EF-4844-4611-B281-957846B808DA}.Debug|x64.Build.0 = Debug|x64
		{818B84EF-4844-4611-B281-957846B808DA}.Debug|x86.ActiveCfg = Debug|Win32
		{818B84EF-4844-4611-B281-957846B808DA}.Debug|x86.Build.0 = Debug|Win32
		{818B84EF-4844-4611-B281-957846B808DA}.Release|x64.ActiveCfg = Release|x64
		{818B84EF-4844-4611-B281-957846B808DA}.Release|x64.Build.0 = Release|x64
		{818B84EF-4844-4611-B281-957846B808DA}.Release|x86.ActiveCfg = Release|Win32
		{818B84EF-4844-4611-B281-957846B808DA}.Release|x86.Build.0 = Release|Win32
		{EDD709D6-ACFC-49E4-ADD7-AE6A5117550B}.Debug|x64.ActiveCfg = Debug|x64
		{EDD709D6-ACFC-49E4-ADD7-AE6A5117550B}.Debug|x64.Build.0 = Debug|x64
		{EDD709D6-ACFC-49E4-ADD7-AE6A5117550B}.Debug|x86.ActiveCfg = Debug|Win32
		{EDD709D6-ACFC-49E4-ADD7-AE6A5117550B}.Debug|x86.Build.0 = Debug|Win32
		{EDD709D6-ACFC-49E4-ADD7-AE6A5117550B}.Release|x64.ActiveCfg = Release|x64
		{EDD709D6-ACFC-49E4-ADD7-AE6A5117550B}.Release|x64.Build.0 = Release|x64
		{EDD709D6-ACFC-49E4-ADD7-AE6A5117550B}.Release|x86.ActiveCfg = Release|Win32
		{EDD709D6-ACFC-49E4-ADD7-AE6A5117550B}.Release|x86.Build.0 = Release|Win32
		{4DA1437F-289D-453D-8991-DE541396C9A8}.Debug|x64.ActiveCfg = Debug|x64
		{4DA1437F-289D-453D-8991-DE541396C9A8}.Debug|x64.Build.0 = Debug|x64
		{4DA1437F-289D-453D-8991-DE541396C9A8}.Debug|x86.ActiveCfg = Debug|Win32
		{4DA1437F-289D-453D-8991-DE541396C9A8}.Debug|x86.Build.0 = Debug|Win32
		{4DA1437F-289D-453D-8991-DE541396C9A8}.Release|x64.ActiveCfg = Release|x64
		{4DA1437F-289D-453D-8991-DE541396C9A8}.Release|x64.Build.0 = Release|x64
		{4DA1437F-289D-453D-8991-DE541396C9A8}.Release|x86.ActiveCfg = Release|Win32
		{4DA1437F-289D-453D-8991-DE541396C9A8}.Release|x86.Build.0 = Release|Win32
		{AC5581D9-D763-4EA8-82DC-4DA9167C792C}.Debug|x64.ActiveCfg = Debug|x64
		{AC5581D9-D763-4EA8-82DC-4DA9167C792C}.Debug|x64.Build.0 = Debug|x64
		{AC5581D9-D763-4EA8-82DC-4DA9167C792C}.Debug|x86.ActiveCfg = Debug|Win32
		{AC5581D9-D763-4EA8-82DC-4DA9167C792C}.Debug|x86.Build.0 = Debug|Win32
		{AC5581D9-D763-4EA8-82DC-4DA9167C792C}.Release|x64.ActiveCfg = Release|x64
		{AC5581D9-D763-4EA8-82DC-4DA9167C792C}.Release|x64.Build.0 = Release|x64
		{AC5581D9-D763-4EA8-82DC-4DA9167C792C}.Release|x86.ActiveCfg = Release|Win32
		{AC5581D9-D763-4EA8-82DC-4DA9167C792C}.Release|x86.Build.0 = Release|Win32
		{86967DFD-0106-4051-9E57-0B261CA12AE9}.Debug|x64.ActiveCfg = Debug|x64
		{86967DFD-0106-4051-9E57-0B261CA12AE9}.Debug|x64.Build.0 = Debug|x64
		{86967DFD-0106-4051-9E57-0B261CA12AE9}.Debug|x86.ActiveCfg = Debug|Win32
		{86967DFD-0106-4051-9E57-0B261CA12AE9}.Debug|x86.Build.0 = Debug|Win32
		{86967DFD-0106-4051-9E57-0B261CA12AE9}.Release|x64.ActiveCfg = Release|x64
		{86967DFD-0106-4051-9E57-0B261CA12AE9}.Release|x64.Build.0 = Release|x64
		{86967DFD-0106-4051-9E57-0B261CA12AE9}.Release|x86.ActiveCfg = Release|Win32
		{86967DFD-0106-4051-9E57-0B261CA12AE9}.Release|x86.Build.0 = Release|Win32
		{D26D3891-892D-4EF9-A8A5-C41D1D8571C7}.Debug|x64.ActiveCfg = Debug|x64
		{D26D3891-892D-4EF9-A8A5-C41D1D8571C7}.Debug|x64.Build.0 = Debug|x64
		{D26D3891-892D-4EF9-A8A5-C41D1D8571C7}.Debug|x86.ActiveCfg = Debug|Win32
		{D26D3891-892D-4EF9-A8A5-C41D1D8571C7}.Debug|x86.Build.0 = Debug|Win32
		{D26D3891-892D-4EF9-A8A5-C41D1D8571C7}.Release|x64.ActiveCfg = Release|x64
		{D26D3891-892D-4EF9-A8A5-C41D1D8571C7}.Release|x64.Build.0 = Release|x64
		{D26D3891-892D-4EF9-A8A5-C41D1D8571C7}.Release|x86.ActiveCfg = Release|Win32
		{D26D3891-892D-4EF9-A8A5-C41D1D8571C7}.Release|x86.Build.0 = Release|Win32
		{3316C058-F676-4040-A3EF-10C76E6264DB}.Debug|x64.ActiveCfg = Debug|x64
		{3316C058-F676-4040-A3EF-10C76E6264DB}.Debug|x64.Build.0 = Debug|x64
		{3316C058-F676-4040-A3EF-10C76E6264DB}.Debug|x86.ActiveCfg = Debug|Win32
		{3316C058-F676-4040-A3EF-10C76E6264DB}.Debug|x86.Build.0 = Debug|Win32
		{3316C058-F676-4040-A3EF-10C76E6264DB}.Release|x64.ActiveCfg = Release|x64
		{3316C058-F676-4040-A3EF-10C76E6264DB}.Release|x64.Build.0 = Release|x64
		{3316C058-F676-4040-A3EF-10C76E6264DB}.Release|x86.ActiveCfg = Release|Win32
		{3316C058-F676-4040-A3EF-10C76E6264DB}.Release|x86.Build.0 = Release|Win32
		{318D922A-2605-41E5-986C-389E1D6AE300}.Debug|x64.ActiveCfg = Debug|x64
		{318D922A-2605-41E5-986C-389E1D6AE300}.Debug|x64.Build.0 = Debug|x64
		{318D922A-2605-41E5-986C-389E1D6AE300}.Debug|x86.ActiveCfg = Debug|Win32
		{318D922A-2605-41E5-986C-389E1D6AE300}.Debug|x86.Build.0 = Debug|Win32
		{318D922A-2605-41E5-986C-389E1D6AE300}.Release|x64.ActiveCfg = Release|x64
		{318D922A-2605-41E5-986C-389E1D6AE300}.Release|x64.Build.0 = Release|x64
		{318D922A-2605-41E5-986C-389E1D6AE300}.Release|x86.ActiveCfg = Release|Win32
		{318D922A-2605-41E5-986C-389E1D6AE300}.Release|x86.Build.0 = Release|Win32
		{F8B5AF90-E1E0-4509-8FE4-EA8868CEFB03}.Debug|x64.ActiveCfg = Debug|x64
		{F8B5AF90-E1E0-4509-8FE4-EA8868CEFB03}.Debug|x64.Build.0 = Debug|x64
		{F8B5AF90-E1E0-4509-8FE4-EA8868CEFB03}.Debug|x86.ActiveCfg = Debug|Win32
		{F8B5AF90-E1E0-4509-8FE4-EA8868CEFB03}.Debug|x86.Build.0 = Debug|Win32
		{F8B5AF90-E1E0-4509-8FE4-EA8868CEFB03}.Release|x64.ActiveCfg = Release|x64
		{F8B5AF90-E1E0-4509-8FE4-EA8868CEFB03}.Release|x64.Build.0 = Release|x64
		{F8B5AF90-E1E0-4509-8FE4-EA8868CEFB03}.Release|x86.ActiveCfg = Release|Win32
		{F8B5AF90-E1E0-4509-8FE4-EA8868CEFB03}.Release|x86.Build.0 = Release|Win32
	EndGlobalSection
	GlobalSection(SolutionProperties) = preSolution
		HideSolutionNode = FALSE
	EndGlobalSection
	GlobalSection(ExtensibilityGlobals) = postSolution
		SolutionGuid = {FC9799EA-6F21-4F9B-9F89-A50FC9952CD1}
	EndGlobalSection
EndGlobal
