
Microsoft Visual Studio Solution File, Format Version 12.00
# Visual Studio Version 16
VisualStudioVersion = 16.0.33027.164
MinimumVisualStudioVersion = 10.0.40219.1
Project("{8BC9CEB8-8B4A-11D0-8D11-00A0C91BC942}") = "230415", "230415\230415.vcxproj", "{C31AB2AB-2894-4A8B-A91D-E6479D617BFC}"
EndProject
Project("{8BC9CEB8-8B4A-11D0-8D11-00A0C91BC942}") = "230417", "230417\230417.vcxproj", "{4FB60DFC-A34B-4D97-8CE8-373DABA06C13}"
EndProject
Project("{8BC9CEB8-8B4A-11D0-8D11-00A0C91BC942}") = "230418", "230418\230418.vcxproj", "{C7746B5E-22AC-4996-A120-0858D9D2791C}"
EndProject
Project("{8BC9CEB8-8B4A-11D0-8D11-00A0C91BC942}") = "230419", "230419\230419.vcxproj", "{87CADA32-4B4C-4123-8735-46A8A62F4BB4}"
EndProject
Project("{8BC9CEB8-8B4A-11D0-8D11-00A0C91BC942}") = "230421", "230421\230421.vcxproj", "{3C69C440-9366-4677-8C16-AC2A8AFF9382}"
EndProject
Project("{8BC9CEB8-8B4A-11D0-8D11-00A0C91BC942}") = "230424", "230424\230424.vcxproj", "{4F7F0328-6FAA-4762-9B43-909FD52E470F}"
EndProject
Project("{8BC9CEB8-8B4A-11D0-8D11-00A0C91BC942}") = "230425", "230425\230425.vcxproj", "{CE97E5DE-2C47-48C5-8928-9D036278DEB6}"
EndProject
Project("{8BC9CEB8-8B4A-11D0-8D11-00A0C91BC942}") = "230511", "230511\230511.vcxproj", "{D9245668-2107-423B-A666-F1F9E45B45F7}"
EndProject
Project("{8BC9CEB8-8B4A-11D0-8D11-00A0C91BC942}") = "230512", "230512\230512.vcxproj", "{00C7D67E-F322-4067-A361-4A570652C409}"
EndProject
Project("{8BC9CEB8-8B4A-11D0-8D11-00A0C91BC942}") = "230515", "230515\230515.vcxproj", "{34CEA174-5C27-497C-BBC3-73E66A405224}"
EndProject
Project("{8BC9CEB8-8B4A-11D0-8D11-00A0C91BC942}") = "230516", "230516\230516.vcxproj", "{DA2243B0-CC5A-4BCF-BAE5-7735CC3841AF}"
EndProject
Project("{8BC9CEB8-8B4A-11D0-8D11-00A0C91BC942}") = "230518", "230518\230518.vcxproj", "{5FC90E51-DB56-4644-93F5-A71811ACEAAA}"
EndProject
Project("{8BC9CEB8-8B4A-11D0-8D11-00A0C91BC942}") = "230519", "230519\230519.vcxproj", "{B2F0A1B8-A1C0-47F6-8C05-ACD6B8EEBF8C}"
EndProject
Project("{8BC9CEB8-8B4A-11D0-8D11-00A0C91BC942}") = "230520", "230520\230520.vcxproj", "{041DA7CF-0887-46C9-A215-3B269FF2AD24}"
EndProject
Project("{8BC9CEB8-8B4A-11D0-8D11-00A0C91BC942}") = "230525", "230525\230525.vcxproj", "{CCB26653-53E6-4538-8416-19C12492F1E4}"
EndProject
Project("{8BC9CEB8-8B4A-11D0-8D11-00A0C91BC942}") = "230526", "230526\230526.vcxproj", "{8D3A3F14-C976-4C24-AEFD-CA3412B71E2E}"
EndProject
Project("{8BC9CEB8-8B4A-11D0-8D11-00A0C91BC942}") = "230529", "230529\230529.vcxproj", "{C0DCA47B-B8EF-4A65-A609-F2CFC862B03F}"
EndProject
Project("{8BC9CEB8-8B4A-11D0-8D11-00A0C91BC942}") = "230530", "230530\230530.vcxproj", "{E33D73FA-BCD0-4515-A5DA-9BAF8F0BCD4F}"
EndProject
Project("{8BC9CEB8-8B4A-11D0-8D11-00A0C91BC942}") = "230531", "230531\230531.vcxproj", "{6A9D0CFA-7C9C-413C-93D0-8D59E5EEAB0E}"
EndProject
Project("{8BC9CEB8-8B4A-11D0-8D11-00A0C91BC942}") = "230601", "230601\230601.vcxproj", "{E328A942-A835-4FCD-88F0-06B8EADA55A5}"
EndProject
Project("{8BC9CEB8-8B4A-11D0-8D11-00A0C91BC942}") = "230602", "230602\230602.vcxproj", "{CA6037CC-9A22-434A-821A-4AAD977B914B}"
EndProject
Project("{8BC9CEB8-8B4A-11D0-8D11-00A0C91BC942}") = "230603", "230603\230603.vcxproj", "{23EDA848-972D-4200-A601-12E15D9DF19D}"
EndProject
Project("{8BC9CEB8-8B4A-11D0-8D11-00A0C91BC942}") = "230605", "230605\230605.vcxproj", "{721A5635-F52C-4187-B337-EC425CEE7D1E}"
EndProject
Project("{8BC9CEB8-8B4A-11D0-8D11-00A0C91BC942}") = "230606", "230606\230606.vcxproj", "{1B220240-CD91-454D-9903-B2AD1AA8C5D5}"
EndProject
Project("{8BC9CEB8-8B4A-11D0-8D11-00A0C91BC942}") = "230607", "230607\230607.vcxproj", "{202EEA06-3F63-459B-AE04-488285285529}"
EndProject
Project("{8BC9CEB8-8B4A-11D0-8D11-00A0C91BC942}") = "230608", "230608\230608.vcxproj", "{5A6928EE-AA12-4C82-BD80-BD007C551368}"
EndProject
Project("{8BC9CEB8-8B4A-11D0-8D11-00A0C91BC942}") = "230609", "230609\230609.vcxproj", "{AA6C8EE9-C8D8-45BD-930D-EC209E70DA3C}"
EndProject
Project("{8BC9CEB8-8B4A-11D0-8D11-00A0C91BC942}") = "230610", "230610\230610.vcxproj", "{B79D3B28-E8A2-4267-94A5-E666ECC50FE2}"
EndProject
Project("{8BC9CEB8-8B4A-11D0-8D11-00A0C91BC942}") = "230612", "230612\230612.vcxproj", "{BA873FBF-5407-47BE-A480-6BEF30A39DE7}"
EndProject
Project("{8BC9CEB8-8B4A-11D0-8D11-00A0C91BC942}") = "230613", "230613\230613.vcxproj", "{1B4ACC4F-0C49-492C-A134-05CED153FA0B}"
EndProject
Project("{8BC9CEB8-8B4A-11D0-8D11-00A0C91BC942}") = "230614", "230614\230614.vcxproj", "{9E246AF7-4DCC-41AD-863E-07C4DEA1841C}"
EndProject
Project("{8BC9CEB8-8B4A-11D0-8D11-00A0C91BC942}") = "230616", "230616\230616.vcxproj", "{12564E6F-74FC-4B58-AFE3-4A9E87F54758}"
EndProject
Project("{8BC9CEB8-8B4A-11D0-8D11-00A0C91BC942}") = "230618", "230618\230618.vcxproj", "{2D8425CD-DA84-4A39-97E6-CC71A407785C}"
EndProject
Project("{8BC9CEB8-8B4A-11D0-8D11-00A0C91BC942}") = "230619", "230619\230619.vcxproj", "{BA4042D1-247A-445B-AD95-768D3771F351}"
EndProject
Project("{8BC9CEB8-8B4A-11D0-8D11-00A0C91BC942}") = "230620", "230620\230620.vcxproj", "{32C6548B-E018-45F7-88A0-EE4C31B058F2}"
EndProject
Project("{8BC9CEB8-8B4A-11D0-8D11-00A0C91BC942}") = "230621", "230621\230621.vcxproj", "{D327D157-BF1F-4081-A2B4-29D580B23488}"
EndProject
Project("{8BC9CEB8-8B4A-11D0-8D11-00A0C91BC942}") = "230623", "230623\230623.vcxproj", "{4117477E-0FC9-43E4-B6C3-1971BE9FA2CE}"
EndProject
Project("{8BC9CEB8-8B4A-11D0-8D11-00A0C91BC942}") = "230624", "230624\230624.vcxproj", "{023EE585-B83C-491F-B0D5-56008E6EBAF6}"
EndProject
Global
	GlobalSection(SolutionConfigurationPlatforms) = preSolution
		Debug|x64 = Debug|x64
		Debug|x86 = Debug|x86
		Release|x64 = Release|x64
		Release|x86 = Release|x86
	EndGlobalSection
	GlobalSection(ProjectConfigurationPlatforms) = postSolution
		{C31AB2AB-2894-4A8B-A91D-E6479D617BFC}.Debug|x64.ActiveCfg = Debug|x64
		{C31AB2AB-2894-4A8B-A91D-E6479D617BFC}.Debug|x64.Build.0 = Debug|x64
		{C31AB2AB-2894-4A8B-A91D-E6479D617BFC}.Debug|x86.ActiveCfg = Debug|Win32
		{C31AB2AB-2894-4A8B-A91D-E6479D617BFC}.Debug|x86.Build.0 = Debug|Win32
		{C31AB2AB-2894-4A8B-A91D-E6479D617BFC}.Release|x64.ActiveCfg = Release|x64
		{C31AB2AB-2894-4A8B-A91D-E6479D617BFC}.Release|x64.Build.0 = Release|x64
		{C31AB2AB-2894-4A8B-A91D-E6479D617BFC}.Release|x86.ActiveCfg = Release|Win32
		{C31AB2AB-2894-4A8B-A91D-E6479D617BFC}.Release|x86.Build.0 = Release|Win32
		{4FB60DFC-A34B-4D97-8CE8-373DABA06C13}.Debug|x64.ActiveCfg = Debug|x64
		{4FB60DFC-A34B-4D97-8CE8-373DABA06C13}.Debug|x64.Build.0 = Debug|x64
		{4FB60DFC-A34B-4D97-8CE8-373DABA06C13}.Debug|x86.ActiveCfg = Debug|Win32
		{4FB60DFC-A34B-4D97-8CE8-373DABA06C13}.Debug|x86.Build.0 = Debug|Win32
		{4FB60DFC-A34B-4D97-8CE8-373DABA06C13}.Release|x64.ActiveCfg = Release|x64
		{4FB60DFC-A34B-4D97-8CE8-373DABA06C13}.Release|x64.Build.0 = Release|x64
		{4FB60DFC-A34B-4D97-8CE8-373DABA06C13}.Release|x86.ActiveCfg = Release|Win32
		{4FB60DFC-A34B-4D97-8CE8-373DABA06C13}.Release|x86.Build.0 = Release|Win32
		{C7746B5E-22AC-4996-A120-0858D9D2791C}.Debug|x64.ActiveCfg = Debug|x64
		{C7746B5E-22AC-4996-A120-0858D9D2791C}.Debug|x64.Build.0 = Debug|x64
		{C7746B5E-22AC-4996-A120-0858D9D2791C}.Debug|x86.ActiveCfg = Debug|Win32
		{C7746B5E-22AC-4996-A120-0858D9D2791C}.Debug|x86.Build.0 = Debug|Win32
		{C7746B5E-22AC-4996-A120-0858D9D2791C}.Release|x64.ActiveCfg = Release|x64
		{C7746B5E-22AC-4996-A120-0858D9D2791C}.Release|x64.Build.0 = Release|x64
		{C7746B5E-22AC-4996-A120-0858D9D2791C}.Release|x86.ActiveCfg = Release|Win32
		{C7746B5E-22AC-4996-A120-0858D9D2791C}.Release|x86.Build.0 = Release|Win32
		{87CADA32-4B4C-4123-8735-46A8A62F4BB4}.Debug|x64.ActiveCfg = Debug|x64
		{87CADA32-4B4C-4123-8735-46A8A62F4BB4}.Debug|x64.Build.0 = Debug|x64
		{87CADA32-4B4C-4123-8735-46A8A62F4BB4}.Debug|x86.ActiveCfg = Debug|Win32
		{87CADA32-4B4C-4123-8735-46A8A62F4BB4}.Debug|x86.Build.0 = Debug|Win32
		{87CADA32-4B4C-4123-8735-46A8A62F4BB4}.Release|x64.ActiveCfg = Release|x64
		{87CADA32-4B4C-4123-8735-46A8A62F4BB4}.Release|x64.Build.0 = Release|x64
		{87CADA32-4B4C-4123-8735-46A8A62F4BB4}.Release|x86.ActiveCfg = Release|Win32
		{87CADA32-4B4C-4123-8735-46A8A62F4BB4}.Release|x86.Build.0 = Release|Win32
		{3C69C440-9366-4677-8C16-AC2A8AFF9382}.Debug|x64.ActiveCfg = Debug|x64
		{3C69C440-9366-4677-8C16-AC2A8AFF9382}.Debug|x64.Build.0 = Debug|x64
		{3C69C440-9366-4677-8C16-AC2A8AFF9382}.Debug|x86.ActiveCfg = Debug|Win32
		{3C69C440-9366-4677-8C16-AC2A8AFF9382}.Debug|x86.Build.0 = Debug|Win32
		{3C69C440-9366-4677-8C16-AC2A8AFF9382}.Release|x64.ActiveCfg = Release|x64
		{3C69C440-9366-4677-8C16-AC2A8AFF9382}.Release|x64.Build.0 = Release|x64
		{3C69C440-9366-4677-8C16-AC2A8AFF9382}.Release|x86.ActiveCfg = Release|Win32
		{3C69C440-9366-4677-8C16-AC2A8AFF9382}.Release|x86.Build.0 = Release|Win32
		{4F7F0328-6FAA-4762-9B43-909FD52E470F}.Debug|x64.ActiveCfg = Debug|x64
		{4F7F0328-6FAA-4762-9B43-909FD52E470F}.Debug|x64.Build.0 = Debug|x64
		{4F7F0328-6FAA-4762-9B43-909FD52E470F}.Debug|x86.ActiveCfg = Debug|Win32
		{4F7F0328-6FAA-4762-9B43-909FD52E470F}.Debug|x86.Build.0 = Debug|Win32
		{4F7F0328-6FAA-4762-9B43-909FD52E470F}.Release|x64.ActiveCfg = Release|x64
		{4F7F0328-6FAA-4762-9B43-909FD52E470F}.Release|x64.Build.0 = Release|x64
		{4F7F0328-6FAA-4762-9B43-909FD52E470F}.Release|x86.ActiveCfg = Release|Win32
		{4F7F0328-6FAA-4762-9B43-909FD52E470F}.Release|x86.Build.0 = Release|Win32
		{CE97E5DE-2C47-48C5-8928-9D036278DEB6}.Debug|x64.ActiveCfg = Debug|x64
		{CE97E5DE-2C47-48C5-8928-9D036278DEB6}.Debug|x64.Build.0 = Debug|x64
		{CE97E5DE-2C47-48C5-8928-9D036278DEB6}.Debug|x86.ActiveCfg = Debug|Win32
		{CE97E5DE-2C47-48C5-8928-9D036278DEB6}.Debug|x86.Build.0 = Debug|Win32
		{CE97E5DE-2C47-48C5-8928-9D036278DEB6}.Release|x64.ActiveCfg = Release|x64
		{CE97E5DE-2C47-48C5-8928-9D036278DEB6}.Release|x64.Build.0 = Release|x64
		{CE97E5DE-2C47-48C5-8928-9D036278DEB6}.Release|x86.ActiveCfg = Release|Win32
		{CE97E5DE-2C47-48C5-8928-9D036278DEB6}.Release|x86.Build.0 = Release|Win32
		{D9245668-2107-423B-A666-F1F9E45B45F7}.Debug|x64.ActiveCfg = Debug|x64
		{D9245668-2107-423B-A666-F1F9E45B45F7}.Debug|x64.Build.0 = Debug|x64
		{D9245668-2107-423B-A666-F1F9E45B45F7}.Debug|x86.ActiveCfg = Debug|Win32
		{D9245668-2107-423B-A666-F1F9E45B45F7}.Debug|x86.Build.0 = Debug|Win32
		{D9245668-2107-423B-A666-F1F9E45B45F7}.Release|x64.ActiveCfg = Release|x64
		{D9245668-2107-423B-A666-F1F9E45B45F7}.Release|x64.Build.0 = Release|x64
		{D9245668-2107-423B-A666-F1F9E45B45F7}.Release|x86.ActiveCfg = Release|Win32
		{D9245668-2107-423B-A666-F1F9E45B45F7}.Release|x86.Build.0 = Release|Win32
		{00C7D67E-F322-4067-A361-4A570652C409}.Debug|x64.ActiveCfg = Debug|x64
		{00C7D67E-F322-4067-A361-4A570652C409}.Debug|x64.Build.0 = Debug|x64
		{00C7D67E-F322-4067-A361-4A570652C409}.Debug|x86.ActiveCfg = Debug|Win32
		{00C7D67E-F322-4067-A361-4A570652C409}.Debug|x86.Build.0 = Debug|Win32
		{00C7D67E-F322-4067-A361-4A570652C409}.Release|x64.ActiveCfg = Release|x64
		{00C7D67E-F322-4067-A361-4A570652C409}.Release|x64.Build.0 = Release|x64
		{00C7D67E-F322-4067-A361-4A570652C409}.Release|x86.ActiveCfg = Release|Win32
		{00C7D67E-F322-4067-A361-4A570652C409}.Release|x86.Build.0 = Release|Win32
		{34CEA174-5C27-497C-BBC3-73E66A405224}.Debug|x64.ActiveCfg = Debug|x64
		{34CEA174-5C27-497C-BBC3-73E66A405224}.Debug|x64.Build.0 = Debug|x64
		{34CEA174-5C27-497C-BBC3-73E66A405224}.Debug|x86.ActiveCfg = Debug|Win32
		{34CEA174-5C27-497C-BBC3-73E66A405224}.Debug|x86.Build.0 = Debug|Win32
		{34CEA174-5C27-497C-BBC3-73E66A405224}.Release|x64.ActiveCfg = Release|x64
		{34CEA174-5C27-497C-BBC3-73E66A405224}.Release|x64.Build.0 = Release|x64
		{34CEA174-5C27-497C-BBC3-73E66A405224}.Release|x86.ActiveCfg = Release|Win32
		{34CEA174-5C27-497C-BBC3-73E66A405224}.Release|x86.Build.0 = Release|Win32
		{DA2243B0-CC5A-4BCF-BAE5-7735CC3841AF}.Debug|x64.ActiveCfg = Debug|x64
		{DA2243B0-CC5A-4BCF-BAE5-7735CC3841AF}.Debug|x64.Build.0 = Debug|x64
		{DA2243B0-CC5A-4BCF-BAE5-7735CC3841AF}.Debug|x86.ActiveCfg = Debug|Win32
		{DA2243B0-CC5A-4BCF-BAE5-7735CC3841AF}.Debug|x86.Build.0 = Debug|Win32
		{DA2243B0-CC5A-4BCF-BAE5-7735CC3841AF}.Release|x64.ActiveCfg = Release|x64
		{DA2243B0-CC5A-4BCF-BAE5-7735CC3841AF}.Release|x64.Build.0 = Release|x64
		{DA2243B0-CC5A-4BCF-BAE5-7735CC3841AF}.Release|x86.ActiveCfg = Release|Win32
		{DA2243B0-CC5A-4BCF-BAE5-7735CC3841AF}.Release|x86.Build.0 = Release|Win32
		{5FC90E51-DB56-4644-93F5-A71811ACEAAA}.Debug|x64.ActiveCfg = Debug|x64
		{5FC90E51-DB56-4644-93F5-A71811ACEAAA}.Debug|x64.Build.0 = Debug|x64
		{5FC90E51-DB56-4644-93F5-A71811ACEAAA}.Debug|x86.ActiveCfg = Debug|Win32
		{5FC90E51-DB56-4644-93F5-A71811ACEAAA}.Debug|x86.Build.0 = Debug|Win32
		{5FC90E51-DB56-4644-93F5-A71811ACEAAA}.Release|x64.ActiveCfg = Release|x64
		{5FC90E51-DB56-4644-93F5-A71811ACEAAA}.Release|x64.Build.0 = Release|x64
		{5FC90E51-DB56-4644-93F5-A71811ACEAAA}.Release|x86.ActiveCfg = Release|Win32
		{5FC90E51-DB56-4644-93F5-A71811ACEAAA}.Release|x86.Build.0 = Release|Win32
		{B2F0A1B8-A1C0-47F6-8C05-ACD6B8EEBF8C}.Debug|x64.ActiveCfg = Debug|x64
		{B2F0A1B8-A1C0-47F6-8C05-ACD6B8EEBF8C}.Debug|x64.Build.0 = Debug|x64
		{B2F0A1B8-A1C0-47F6-8C05-ACD6B8EEBF8C}.Debug|x86.ActiveCfg = Debug|Win32
		{B2F0A1B8-A1C0-47F6-8C05-ACD6B8EEBF8C}.Debug|x86.Build.0 = Debug|Win32
		{B2F0A1B8-A1C0-47F6-8C05-ACD6B8EEBF8C}.Release|x64.ActiveCfg = Release|x64
		{B2F0A1B8-A1C0-47F6-8C05-ACD6B8EEBF8C}.Release|x64.Build.0 = Release|x64
		{B2F0A1B8-A1C0-47F6-8C05-ACD6B8EEBF8C}.Release|x86.ActiveCfg = Release|Win32
		{B2F0A1B8-A1C0-47F6-8C05-ACD6B8EEBF8C}.Release|x86.Build.0 = Release|Win32
		{041DA7CF-0887-46C9-A215-3B269FF2AD24}.Debug|x64.ActiveCfg = Debug|x64
		{041DA7CF-0887-46C9-A215-3B269FF2AD24}.Debug|x64.Build.0 = Debug|x64
		{041DA7CF-0887-46C9-A215-3B269FF2AD24}.Debug|x86.ActiveCfg = Debug|Win32
		{041DA7CF-0887-46C9-A215-3B269FF2AD24}.Debug|x86.Build.0 = Debug|Win32
		{041DA7CF-0887-46C9-A215-3B269FF2AD24}.Release|x64.ActiveCfg = Release|x64
		{041DA7CF-0887-46C9-A215-3B269FF2AD24}.Release|x64.Build.0 = Release|x64
		{041DA7CF-0887-46C9-A215-3B269FF2AD24}.Release|x86.ActiveCfg = Release|Win32
		{041DA7CF-0887-46C9-A215-3B269FF2AD24}.Release|x86.Build.0 = Release|Win32
		{CCB26653-53E6-4538-8416-19C12492F1E4}.Debug|x64.ActiveCfg = Debug|x64
		{CCB26653-53E6-4538-8416-19C12492F1E4}.Debug|x64.Build.0 = Debug|x64
		{CCB26653-53E6-4538-8416-19C12492F1E4}.Debug|x86.ActiveCfg = Debug|Win32
		{CCB26653-53E6-4538-8416-19C12492F1E4}.Debug|x86.Build.0 = Debug|Win32
		{CCB26653-53E6-4538-8416-19C12492F1E4}.Release|x64.ActiveCfg = Release|x64
		{CCB26653-53E6-4538-8416-19C12492F1E4}.Release|x64.Build.0 = Release|x64
		{CCB26653-53E6-4538-8416-19C12492F1E4}.Release|x86.ActiveCfg = Release|Win32
		{CCB26653-53E6-4538-8416-19C12492F1E4}.Release|x86.Build.0 = Release|Win32
		{8D3A3F14-C976-4C24-AEFD-CA3412B71E2E}.Debug|x64.ActiveCfg = Debug|x64
		{8D3A3F14-C976-4C24-AEFD-CA3412B71E2E}.Debug|x64.Build.0 = Debug|x64
		{8D3A3F14-C976-4C24-AEFD-CA3412B71E2E}.Debug|x86.ActiveCfg = Debug|Win32
		{8D3A3F14-C976-4C24-AEFD-CA3412B71E2E}.Debug|x86.Build.0 = Debug|Win32
		{8D3A3F14-C976-4C24-AEFD-CA3412B71E2E}.Release|x64.ActiveCfg = Release|x64
		{8D3A3F14-C976-4C24-AEFD-CA3412B71E2E}.Release|x64.Build.0 = Release|x64
		{8D3A3F14-C976-4C24-AEFD-CA3412B71E2E}.Release|x86.ActiveCfg = Release|Win32
		{8D3A3F14-C976-4C24-AEFD-CA3412B71E2E}.Release|x86.Build.0 = Release|Win32
		{C0DCA47B-B8EF-4A65-A609-F2CFC862B03F}.Debug|x64.ActiveCfg = Debug|x64
		{C0DCA47B-B8EF-4A65-A609-F2CFC862B03F}.Debug|x64.Build.0 = Debug|x64
		{C0DCA47B-B8EF-4A65-A609-F2CFC862B03F}.Debug|x86.ActiveCfg = Debug|Win32
		{C0DCA47B-B8EF-4A65-A609-F2CFC862B03F}.Debug|x86.Build.0 = Debug|Win32
		{C0DCA47B-B8EF-4A65-A609-F2CFC862B03F}.Release|x64.ActiveCfg = Release|x64
		{C0DCA47B-B8EF-4A65-A609-F2CFC862B03F}.Release|x64.Build.0 = Release|x64
		{C0DCA47B-B8EF-4A65-A609-F2CFC862B03F}.Release|x86.ActiveCfg = Release|Win32
		{C0DCA47B-B8EF-4A65-A609-F2CFC862B03F}.Release|x86.Build.0 = Release|Win32
		{E33D73FA-BCD0-4515-A5DA-9BAF8F0BCD4F}.Debug|x64.ActiveCfg = Debug|x64
		{E33D73FA-BCD0-4515-A5DA-9BAF8F0BCD4F}.Debug|x64.Build.0 = Debug|x64
		{E33D73FA-BCD0-4515-A5DA-9BAF8F0BCD4F}.Debug|x86.ActiveCfg = Debug|Win32
		{E33D73FA-BCD0-4515-A5DA-9BAF8F0BCD4F}.Debug|x86.Build.0 = Debug|Win32
		{E33D73FA-BCD0-4515-A5DA-9BAF8F0BCD4F}.Release|x64.ActiveCfg = Release|x64
		{E33D73FA-BCD0-4515-A5DA-9BAF8F0BCD4F}.Release|x64.Build.0 = Release|x64
		{E33D73FA-BCD0-4515-A5DA-9BAF8F0BCD4F}.Release|x86.ActiveCfg = Release|Win32
		{E33D73FA-BCD0-4515-A5DA-9BAF8F0BCD4F}.Release|x86.Build.0 = Release|Win32
		{6A9D0CFA-7C9C-413C-93D0-8D59E5EEAB0E}.Debug|x64.ActiveCfg = Debug|x64
		{6A9D0CFA-7C9C-413C-93D0-8D59E5EEAB0E}.Debug|x64.Build.0 = Debug|x64
		{6A9D0CFA-7C9C-413C-93D0-8D59E5EEAB0E}.Debug|x86.ActiveCfg = Debug|Win32
		{6A9D0CFA-7C9C-413C-93D0-8D59E5EEAB0E}.Debug|x86.Build.0 = Debug|Win32
		{6A9D0CFA-7C9C-413C-93D0-8D59E5EEAB0E}.Release|x64.ActiveCfg = Release|x64
		{6A9D0CFA-7C9C-413C-93D0-8D59E5EEAB0E}.Release|x64.Build.0 = Release|x64
		{6A9D0CFA-7C9C-413C-93D0-8D59E5EEAB0E}.Release|x86.ActiveCfg = Release|Win32
		{6A9D0CFA-7C9C-413C-93D0-8D59E5EEAB0E}.Release|x86.Build.0 = Release|Win32
		{E328A942-A835-4FCD-88F0-06B8EADA55A5}.Debug|x64.ActiveCfg = Debug|x64
		{E328A942-A835-4FCD-88F0-06B8EADA55A5}.Debug|x64.Build.0 = Debug|x64
		{E328A942-A835-4FCD-88F0-06B8EADA55A5}.Debug|x86.ActiveCfg = Debug|Win32
		{E328A942-A835-4FCD-88F0-06B8EADA55A5}.Debug|x86.Build.0 = Debug|Win32
		{E328A942-A835-4FCD-88F0-06B8EADA55A5}.Release|x64.ActiveCfg = Release|x64
		{E328A942-A835-4FCD-88F0-06B8EADA55A5}.Release|x64.Build.0 = Release|x64
		{E328A942-A835-4FCD-88F0-06B8EADA55A5}.Release|x86.ActiveCfg = Release|Win32
		{E328A942-A835-4FCD-88F0-06B8EADA55A5}.Release|x86.Build.0 = Release|Win32
		{CA6037CC-9A22-434A-821A-4AAD977B914B}.Debug|x64.ActiveCfg = Debug|x64
		{CA6037CC-9A22-434A-821A-4AAD977B914B}.Debug|x64.Build.0 = Debug|x64
		{CA6037CC-9A22-434A-821A-4AAD977B914B}.Debug|x86.ActiveCfg = Debug|Win32
		{CA6037CC-9A22-434A-821A-4AAD977B914B}.Debug|x86.Build.0 = Debug|Win32
		{CA6037CC-9A22-434A-821A-4AAD977B914B}.Release|x64.ActiveCfg = Release|x64
		{CA6037CC-9A22-434A-821A-4AAD977B914B}.Release|x64.Build.0 = Release|x64
		{CA6037CC-9A22-434A-821A-4AAD977B914B}.Release|x86.ActiveCfg = Release|Win32
		{CA6037CC-9A22-434A-821A-4AAD977B914B}.Release|x86.Build.0 = Release|Win32
		{23EDA848-972D-4200-A601-12E15D9DF19D}.Debug|x64.ActiveCfg = Debug|x64
		{23EDA848-972D-4200-A601-12E15D9DF19D}.Debug|x64.Build.0 = Debug|x64
		{23EDA848-972D-4200-A601-12E15D9DF19D}.Debug|x86.ActiveCfg = Debug|Win32
		{23EDA848-972D-4200-A601-12E15D9DF19D}.Debug|x86.Build.0 = Debug|Win32
		{23EDA848-972D-4200-A601-12E15D9DF19D}.Release|x64.ActiveCfg = Release|x64
		{23EDA848-972D-4200-A601-12E15D9DF19D}.Release|x64.Build.0 = Release|x64
		{23EDA848-972D-4200-A601-12E15D9DF19D}.Release|x86.ActiveCfg = Release|Win32
		{23EDA848-972D-4200-A601-12E15D9DF19D}.Release|x86.Build.0 = Release|Win32
		{721A5635-F52C-4187-B337-EC425CEE7D1E}.Debug|x64.ActiveCfg = Debug|x64
		{721A5635-F52C-4187-B337-EC425CEE7D1E}.Debug|x64.Build.0 = Debug|x64
		{721A5635-F52C-4187-B337-EC425CEE7D1E}.Debug|x86.ActiveCfg = Debug|Win32
		{721A5635-F52C-4187-B337-EC425CEE7D1E}.Debug|x86.Build.0 = Debug|Win32
		{721A5635-F52C-4187-B337-EC425CEE7D1E}.Release|x64.ActiveCfg = Release|x64
		{721A5635-F52C-4187-B337-EC425CEE7D1E}.Release|x64.Build.0 = Release|x64
		{721A5635-F52C-4187-B337-EC425CEE7D1E}.Release|x86.ActiveCfg = Release|Win32
		{721A5635-F52C-4187-B337-EC425CEE7D1E}.Release|x86.Build.0 = Release|Win32
		{1B220240-CD91-454D-9903-B2AD1AA8C5D5}.Debug|x64.ActiveCfg = Debug|x64
		{1B220240-CD91-454D-9903-B2AD1AA8C5D5}.Debug|x64.Build.0 = Debug|x64
		{1B220240-CD91-454D-9903-B2AD1AA8C5D5}.Debug|x86.ActiveCfg = Debug|Win32
		{1B220240-CD91-454D-9903-B2AD1AA8C5D5}.Debug|x86.Build.0 = Debug|Win32
		{1B220240-CD91-454D-9903-B2AD1AA8C5D5}.Release|x64.ActiveCfg = Release|x64
		{1B220240-CD91-454D-9903-B2AD1AA8C5D5}.Release|x64.Build.0 = Release|x64
		{1B220240-CD91-454D-9903-B2AD1AA8C5D5}.Release|x86.ActiveCfg = Release|Win32
		{1B220240-CD91-454D-9903-B2AD1AA8C5D5}.Release|x86.Build.0 = Release|Win32
		{202EEA06-3F63-459B-AE04-488285285529}.Debug|x64.ActiveCfg = Debug|x64
		{202EEA06-3F63-459B-AE04-488285285529}.Debug|x64.Build.0 = Debug|x64
		{202EEA06-3F63-459B-AE04-488285285529}.Debug|x86.ActiveCfg = Debug|Win32
		{202EEA06-3F63-459B-AE04-488285285529}.Debug|x86.Build.0 = Debug|Win32
		{202EEA06-3F63-459B-AE04-488285285529}.Release|x64.ActiveCfg = Release|x64
		{202EEA06-3F63-459B-AE04-488285285529}.Release|x64.Build.0 = Release|x64
		{202EEA06-3F63-459B-AE04-488285285529}.Release|x86.ActiveCfg = Release|Win32
		{202EEA06-3F63-459B-AE04-488285285529}.Release|x86.Build.0 = Release|Win32
		{5A6928EE-AA12-4C82-BD80-BD007C551368}.Debug|x64.ActiveCfg = Debug|x64
		{5A6928EE-AA12-4C82-BD80-BD007C551368}.Debug|x64.Build.0 = Debug|x64
		{5A6928EE-AA12-4C82-BD80-BD007C551368}.Debug|x86.ActiveCfg = Debug|Win32
		{5A6928EE-AA12-4C82-BD80-BD007C551368}.Debug|x86.Build.0 = Debug|Win32
		{5A6928EE-AA12-4C82-BD80-BD007C551368}.Release|x64.ActiveCfg = Release|x64
		{5A6928EE-AA12-4C82-BD80-BD007C551368}.Release|x64.Build.0 = Release|x64
		{5A6928EE-AA12-4C82-BD80-BD007C551368}.Release|x86.ActiveCfg = Release|Win32
		{5A6928EE-AA12-4C82-BD80-BD007C551368}.Release|x86.Build.0 = Release|Win32
		{AA6C8EE9-C8D8-45BD-930D-EC209E70DA3C}.Debug|x64.ActiveCfg = Debug|x64
		{AA6C8EE9-C8D8-45BD-930D-EC209E70DA3C}.Debug|x64.Build.0 = Debug|x64
		{AA6C8EE9-C8D8-45BD-930D-EC209E70DA3C}.Debug|x86.ActiveCfg = Debug|Win32
		{AA6C8EE9-C8D8-45BD-930D-EC209E70DA3C}.Debug|x86.Build.0 = Debug|Win32
		{AA6C8EE9-C8D8-45BD-930D-EC209E70DA3C}.Release|x64.ActiveCfg = Release|x64
		{AA6C8EE9-C8D8-45BD-930D-EC209E70DA3C}.Release|x64.Build.0 = Release|x64
		{AA6C8EE9-C8D8-45BD-930D-EC209E70DA3C}.Release|x86.ActiveCfg = Release|Win32
		{AA6C8EE9-C8D8-45BD-930D-EC209E70DA3C}.Release|x86.Build.0 = Release|Win32
		{B79D3B28-E8A2-4267-94A5-E666ECC50FE2}.Debug|x64.ActiveCfg = Debug|x64
		{B79D3B28-E8A2-4267-94A5-E666ECC50FE2}.Debug|x64.Build.0 = Debug|x64
		{B79D3B28-E8A2-4267-94A5-E666ECC50FE2}.Debug|x86.ActiveCfg = Debug|Win32
		{B79D3B28-E8A2-4267-94A5-E666ECC50FE2}.Debug|x86.Build.0 = Debug|Win32
		{B79D3B28-E8A2-4267-94A5-E666ECC50FE2}.Release|x64.ActiveCfg = Release|x64
		{B79D3B28-E8A2-4267-94A5-E666ECC50FE2}.Release|x64.Build.0 = Release|x64
		{B79D3B28-E8A2-4267-94A5-E666ECC50FE2}.Release|x86.ActiveCfg = Release|Win32
		{B79D3B28-E8A2-4267-94A5-E666ECC50FE2}.Release|x86.Build.0 = Release|Win32
		{BA873FBF-5407-47BE-A480-6BEF30A39DE7}.Debug|x64.ActiveCfg = Debug|x64
		{BA873FBF-5407-47BE-A480-6BEF30A39DE7}.Debug|x64.Build.0 = Debug|x64
		{BA873FBF-5407-47BE-A480-6BEF30A39DE7}.Debug|x86.ActiveCfg = Debug|Win32
		{BA873FBF-5407-47BE-A480-6BEF30A39DE7}.Debug|x86.Build.0 = Debug|Win32
		{BA873FBF-5407-47BE-A480-6BEF30A39DE7}.Release|x64.ActiveCfg = Release|x64
		{BA873FBF-5407-47BE-A480-6BEF30A39DE7}.Release|x64.Build.0 = Release|x64
		{BA873FBF-5407-47BE-A480-6BEF30A39DE7}.Release|x86.ActiveCfg = Release|Win32
		{BA873FBF-5407-47BE-A480-6BEF30A39DE7}.Release|x86.Build.0 = Release|Win32
		{1B4ACC4F-0C49-492C-A134-05CED153FA0B}.Debug|x64.ActiveCfg = Debug|x64
		{1B4ACC4F-0C49-492C-A134-05CED153FA0B}.Debug|x64.Build.0 = Debug|x64
		{1B4ACC4F-0C49-492C-A134-05CED153FA0B}.Debug|x86.ActiveCfg = Debug|Win32
		{1B4ACC4F-0C49-492C-A134-05CED153FA0B}.Debug|x86.Build.0 = Debug|Win32
		{1B4ACC4F-0C49-492C-A134-05CED153FA0B}.Release|x64.ActiveCfg = Release|x64
		{1B4ACC4F-0C49-492C-A134-05CED153FA0B}.Release|x64.Build.0 = Release|x64
		{1B4ACC4F-0C49-492C-A134-05CED153FA0B}.Release|x86.ActiveCfg = Release|Win32
		{1B4ACC4F-0C49-492C-A134-05CED153FA0B}.Release|x86.Build.0 = Release|Win32
		{9E246AF7-4DCC-41AD-863E-07C4DEA1841C}.Debug|x64.ActiveCfg = Debug|x64
		{9E246AF7-4DCC-41AD-863E-07C4DEA1841C}.Debug|x64.Build.0 = Debug|x64
		{9E246AF7-4DCC-41AD-863E-07C4DEA1841C}.Debug|x86.ActiveCfg = Debug|Win32
		{9E246AF7-4DCC-41AD-863E-07C4DEA1841C}.Debug|x86.Build.0 = Debug|Win32
		{9E246AF7-4DCC-41AD-863E-07C4DEA1841C}.Release|x64.ActiveCfg = Release|x64
		{9E246AF7-4DCC-41AD-863E-07C4DEA1841C}.Release|x64.Build.0 = Release|x64
		{9E246AF7-4DCC-41AD-863E-07C4DEA1841C}.Release|x86.ActiveCfg = Release|Win32
		{9E246AF7-4DCC-41AD-863E-07C4DEA1841C}.Release|x86.Build.0 = Release|Win32
		{12564E6F-74FC-4B58-AFE3-4A9E87F54758}.Debug|x64.ActiveCfg = Debug|x64
		{12564E6F-74FC-4B58-AFE3-4A9E87F54758}.Debug|x64.Build.0 = Debug|x64
		{12564E6F-74FC-4B58-AFE3-4A9E87F54758}.Debug|x86.ActiveCfg = Debug|Win32
		{12564E6F-74FC-4B58-AFE3-4A9E87F54758}.Debug|x86.Build.0 = Debug|Win32
		{12564E6F-74FC-4B58-AFE3-4A9E87F54758}.Release|x64.ActiveCfg = Release|x64
		{12564E6F-74FC-4B58-AFE3-4A9E87F54758}.Release|x64.Build.0 = Release|x64
		{12564E6F-74FC-4B58-AFE3-4A9E87F54758}.Release|x86.ActiveCfg = Release|Win32
		{12564E6F-74FC-4B58-AFE3-4A9E87F54758}.Release|x86.Build.0 = Release|Win32
		{2D8425CD-DA84-4A39-97E6-CC71A407785C}.Debug|x64.ActiveCfg = Debug|x64
		{2D8425CD-DA84-4A39-97E6-CC71A407785C}.Debug|x64.Build.0 = Debug|x64
		{2D8425CD-DA84-4A39-97E6-CC71A407785C}.Debug|x86.ActiveCfg = Debug|Win32
		{2D8425CD-DA84-4A39-97E6-CC71A407785C}.Debug|x86.Build.0 = Debug|Win32
		{2D8425CD-DA84-4A39-97E6-CC71A407785C}.Release|x64.ActiveCfg = Release|x64
		{2D8425CD-DA84-4A39-97E6-CC71A407785C}.Release|x64.Build.0 = Release|x64
		{2D8425CD-DA84-4A39-97E6-CC71A407785C}.Release|x86.ActiveCfg = Release|Win32
		{2D8425CD-DA84-4A39-97E6-CC71A407785C}.Release|x86.Build.0 = Release|Win32
		{BA4042D1-247A-445B-AD95-768D3771F351}.Debug|x64.ActiveCfg = Debug|x64
		{BA4042D1-247A-445B-AD95-768D3771F351}.Debug|x64.Build.0 = Debug|x64
		{BA4042D1-247A-445B-AD95-768D3771F351}.Debug|x86.ActiveCfg = Debug|Win32
		{BA4042D1-247A-445B-AD95-768D3771F351}.Debug|x86.Build.0 = Debug|Win32
		{BA4042D1-247A-445B-AD95-768D3771F351}.Release|x64.ActiveCfg = Release|x64
		{BA4042D1-247A-445B-AD95-768D3771F351}.Release|x64.Build.0 = Release|x64
		{BA4042D1-247A-445B-AD95-768D3771F351}.Release|x86.ActiveCfg = Release|Win32
		{BA4042D1-247A-445B-AD95-768D3771F351}.Release|x86.Build.0 = Release|Win32
		{32C6548B-E018-45F7-88A0-EE4C31B058F2}.Debug|x64.ActiveCfg = Debug|x64
		{32C6548B-E018-45F7-88A0-EE4C31B058F2}.Debug|x64.Build.0 = Debug|x64
		{32C6548B-E018-45F7-88A0-EE4C31B058F2}.Debug|x86.ActiveCfg = Debug|Win32
		{32C6548B-E018-45F7-88A0-EE4C31B058F2}.Debug|x86.Build.0 = Debug|Win32
		{32C6548B-E018-45F7-88A0-EE4C31B058F2}.Release|x64.ActiveCfg = Release|x64
		{32C6548B-E018-45F7-88A0-EE4C31B058F2}.Release|x64.Build.0 = Release|x64
		{32C6548B-E018-45F7-88A0-EE4C31B058F2}.Release|x86.ActiveCfg = Release|Win32
		{32C6548B-E018-45F7-88A0-EE4C31B058F2}.Release|x86.Build.0 = Release|Win32
		{D327D157-BF1F-4081-A2B4-29D580B23488}.Debug|x64.ActiveCfg = Debug|x64
		{D327D157-BF1F-4081-A2B4-29D580B23488}.Debug|x64.Build.0 = Debug|x64
		{D327D157-BF1F-4081-A2B4-29D580B23488}.Debug|x86.ActiveCfg = Debug|Win32
		{D327D157-BF1F-4081-A2B4-29D580B23488}.Debug|x86.Build.0 = Debug|Win32
		{D327D157-BF1F-4081-A2B4-29D580B23488}.Release|x64.ActiveCfg = Release|x64
		{D327D157-BF1F-4081-A2B4-29D580B23488}.Release|x64.Build.0 = Release|x64
		{D327D157-BF1F-4081-A2B4-29D580B23488}.Release|x86.ActiveCfg = Release|Win32
		{D327D157-BF1F-4081-A2B4-29D580B23488}.Release|x86.Build.0 = Release|Win32
		{4117477E-0FC9-43E4-B6C3-1971BE9FA2CE}.Debug|x64.ActiveCfg = Debug|x64
		{4117477E-0FC9-43E4-B6C3-1971BE9FA2CE}.Debug|x64.Build.0 = Debug|x64
		{4117477E-0FC9-43E4-B6C3-1971BE9FA2CE}.Debug|x86.ActiveCfg = Debug|Win32
		{4117477E-0FC9-43E4-B6C3-1971BE9FA2CE}.Debug|x86.Build.0 = Debug|Win32
		{4117477E-0FC9-43E4-B6C3-1971BE9FA2CE}.Release|x64.ActiveCfg = Release|x64
		{4117477E-0FC9-43E4-B6C3-1971BE9FA2CE}.Release|x64.Build.0 = Release|x64
		{4117477E-0FC9-43E4-B6C3-1971BE9FA2CE}.Release|x86.ActiveCfg = Release|Win32
		{4117477E-0FC9-43E4-B6C3-1971BE9FA2CE}.Release|x86.Build.0 = Release|Win32
		{023EE585-B83C-491F-B0D5-56008E6EBAF6}.Debug|x64.ActiveCfg = Debug|x64
		{023EE585-B83C-491F-B0D5-56008E6EBAF6}.Debug|x64.Build.0 = Debug|x64
		{023EE585-B83C-491F-B0D5-56008E6EBAF6}.Debug|x86.ActiveCfg = Debug|Win32
		{023EE585-B83C-491F-B0D5-56008E6EBAF6}.Debug|x86.Build.0 = Debug|Win32
		{023EE585-B83C-491F-B0D5-56008E6EBAF6}.Release|x64.ActiveCfg = Release|x64
		{023EE585-B83C-491F-B0D5-56008E6EBAF6}.Release|x64.Build.0 = Release|x64
		{023EE585-B83C-491F-B0D5-56008E6EBAF6}.Release|x86.ActiveCfg = Release|Win32
		{023EE585-B83C-491F-B0D5-56008E6EBAF6}.Release|x86.Build.0 = Release|Win32
	EndGlobalSection
	GlobalSection(SolutionProperties) = preSolution
		HideSolutionNode = FALSE
	EndGlobalSection
	GlobalSection(ExtensibilityGlobals) = postSolution
		SolutionGuid = {CC3732EB-4642-46A5-8054-B44345DEEB1B}
	EndGlobalSection
EndGlobal
